
Microsoft Visual Studio Solution File, Format Version 12.00
# Visual Studio 14
VisualStudioVersion = 14.0.25123.0
MinimumVisualStudioVersion = 10.0.40219.1
Project("{FAE04EC0-301F-11D3-BF4B-00C04F79EFBC}") = "01.CenturiesToMinutes", "01.CenturiesToMinutes\01.CenturiesToMinutes.csproj", "{A39E8D11-7CA7-479E-8A13-1D2000C62349}"
EndProject
Project("{FAE04EC0-301F-11D3-BF4B-00C04F79EFBC}") = "02.CircleArea", "02.CircleArea\02.CircleArea.csproj", "{87143A2C-EDEB-40F6-950B-CA8F72C0C0D7}"
EndProject
Project("{FAE04EC0-301F-11D3-BF4B-00C04F79EFBC}") = "03.ExactSumOfRealNumbers", "03.ExactSumOfRealNumbers\03.ExactSumOfRealNumbers.csproj", "{CAC1689D-ACC6-4477-BE96-F1AB661A5127}"
EndProject
Project("{FAE04EC0-301F-11D3-BF4B-00C04F79EFBC}") = "04.Elevator", "04.Elevator\04.Elevator.csproj", "{C93FE34A-01A5-4852-8631-DE09E9E5CDA5}"
EndProject
Project("{FAE04EC0-301F-11D3-BF4B-00C04F79EFBC}") = "05.SpecialNumbers", "05.SpecialNumbers\05.SpecialNumbers.csproj", "{64ABDE72-0D76-4DA9-8A85-4E2836FA849C}"
EndProject
Project("{FAE04EC0-301F-11D3-BF4B-00C04F79EFBC}") = "06.TriplesOfLetters", "06.TriplesOfLetters\06.TriplesOfLetters.csproj", "{CB958C58-9B4F-4C93-9F35-38363CC07390}"
EndProject
Project("{FAE04EC0-301F-11D3-BF4B-00C04F79EFBC}") = "07.Greatings", "07.Greatings\07.Greatings.csproj", "{4F2B73D4-8064-4012-940B-CA9516A2AB5A}"
EndProject
Project("{FAE04EC0-301F-11D3-BF4B-00C04F79EFBC}") = "08.RefactorVolumeOfPyramid", "08.RefactorVolumeOfPyramid\08.RefactorVolumeOfPyramid.csproj", "{C22EFA10-5F38-419C-8301-C67D9AA5CBE5}"
EndProject
Project("{FAE04EC0-301F-11D3-BF4B-00C04F79EFBC}") = "09.RefactorSpecialNumbers", "09.RefactorSpecialNumbers\09.RefactorSpecialNumbers.csproj", "{D0D71DEE-A4C2-4B95-BE17-9BE648E08348}"
EndProject
Global
	GlobalSection(SolutionConfigurationPlatforms) = preSolution
		Debug|Any CPU = Debug|Any CPU
		Release|Any CPU = Release|Any CPU
	EndGlobalSection
	GlobalSection(ProjectConfigurationPlatforms) = postSolution
		{A39E8D11-7CA7-479E-8A13-1D2000C62349}.Debug|Any CPU.ActiveCfg = Debug|Any CPU
		{A39E8D11-7CA7-479E-8A13-1D2000C62349}.Debug|Any CPU.Build.0 = Debug|Any CPU
		{A39E8D11-7CA7-479E-8A13-1D2000C62349}.Release|Any CPU.ActiveCfg = Release|Any CPU
		{A39E8D11-7CA7-479E-8A13-1D2000C62349}.Release|Any CPU.Build.0 = Release|Any CPU
		{87143A2C-EDEB-40F6-950B-CA8F72C0C0D7}.Debug|Any CPU.ActiveCfg = Debug|Any CPU
		{87143A2C-EDEB-40F6-950B-CA8F72C0C0D7}.Debug|Any CPU.Build.0 = Debug|Any CPU
		{87143A2C-EDEB-40F6-950B-CA8F72C0C0D7}.Release|Any CPU.ActiveCfg = Release|Any CPU
		{87143A2C-EDEB-40F6-950B-CA8F72C0C0D7}.Release|Any CPU.Build.0 = Release|Any CPU
		{CAC1689D-ACC6-4477-BE96-F1AB661A5127}.Debug|Any CPU.ActiveCfg = Debug|Any CPU
		{CAC1689D-ACC6-4477-BE96-F1AB661A5127}.Debug|Any CPU.Build.0 = Debug|Any CPU
		{CAC1689D-ACC6-4477-BE96-F1AB661A5127}.Release|Any CPU.ActiveCfg = Release|Any CPU
		{CAC1689D-ACC6-4477-BE96-F1AB661A5127}.Release|Any CPU.Build.0 = Release|Any CPU
		{C93FE34A-01A5-4852-8631-DE09E9E5CDA5}.Debug|Any CPU.ActiveCfg = Debug|Any CPU
		{C93FE34A-01A5-4852-8631-DE09E9E5CDA5}.Debug|Any CPU.Build.0 = Debug|Any CPU
		{C93FE34A-01A5-4852-8631-DE09E9E5CDA5}.Release|Any CPU.ActiveCfg = Release|Any CPU
		{C93FE34A-01A5-4852-8631-DE09E9E5CDA5}.Release|Any CPU.Build.0 = Release|Any CPU
		{64ABDE72-0D76-4DA9-8A85-4E2836FA849C}.Debug|Any CPU.ActiveCfg = Debug|Any CPU
		{64ABDE72-0D76-4DA9-8A85-4E2836FA849C}.Debug|Any CPU.Build.0 = Debug|Any CPU
		{64ABDE72-0D76-4DA9-8A85-4E2836FA849C}.Release|Any CPU.ActiveCfg = Release|Any CPU
		{64ABDE72-0D76-4DA9-8A85-4E2836FA849C}.Release|Any CPU.Build.0 = Release|Any CPU
		{CB958C58-9B4F-4C93-9F35-38363CC07390}.Debug|Any CPU.ActiveCfg = Debug|Any CPU
		{CB958C58-9B4F-4C93-9F35-38363CC07390}.Debug|Any CPU.Build.0 = Debug|Any CPU
		{CB958C58-9B4F-4C93-9F35-38363CC07390}.Release|Any CPU.ActiveCfg = Release|Any CPU
		{CB958C58-9B4F-4C93-9F35-38363CC07390}.Release|Any CPU.Build.0 = Release|Any CPU
		{4F2B73D4-8064-4012-940B-CA9516A2AB5A}.Debug|Any CPU.ActiveCfg = Debug|Any CPU
		{4F2B73D4-8064-4012-940B-CA9516A2AB5A}.Debug|Any CPU.Build.0 = Debug|Any CPU
		{4F2B73D4-8064-4012-940B-CA9516A2AB5A}.Release|Any CPU.ActiveCfg = Release|Any CPU
		{4F2B73D4-8064-4012-940B-CA9516A2AB5A}.Release|Any CPU.Build.0 = Release|Any CPU
		{C22EFA10-5F38-419C-8301-C67D9AA5CBE5}.Debug|Any CPU.ActiveCfg = Debug|Any CPU
		{C22EFA10-5F38-419C-8301-C67D9AA5CBE5}.Debug|Any CPU.Build.0 = Debug|Any CPU
		{C22EFA10-5F38-419C-8301-C67D9AA5CBE5}.Release|Any CPU.ActiveCfg = Release|Any CPU
		{C22EFA10-5F38-419C-8301-C67D9AA5CBE5}.Release|Any CPU.Build.0 = Release|Any CPU
		{D0D71DEE-A4C2-4B95-BE17-9BE648E08348}.Debug|Any CPU.ActiveCfg = Debug|Any CPU
		{D0D71DEE-A4C2-4B95-BE17-9BE648E08348}.Debug|Any CPU.Build.0 = Debug|Any CPU
		{D0D71DEE-A4C2-4B95-BE17-9BE648E08348}.Release|Any CPU.ActiveCfg = Release|Any CPU
		{D0D71DEE-A4C2-4B95-BE17-9BE648E08348}.Release|Any CPU.Build.0 = Release|Any CPU
	EndGlobalSection
	GlobalSection(SolutionProperties) = preSolution
		HideSolutionNode = FALSE
	EndGlobalSection
EndGlobal
