
Microsoft Visual Studio Solution File, Format Version 12.00
# Visual Studio 14
VisualStudioVersion = 14.0.25123.0
MinimumVisualStudioVersion = 10.0.40219.1
Project("{FAE04EC0-301F-11D3-BF4B-00C04F79EFBC}") = "01.SweetDessert.June2016", "01.SweetDessert.June2016\01.SweetDessert.June2016.csproj", "{992E3F94-461E-4C97-B47D-0D6C878914F4}"
EndProject
Project("{FAE04EC0-301F-11D3-BF4B-00C04F79EFBC}") = "02.ArrayModifier,June2016", "02.ArrayModifier,June2016\02.ArrayModifier,June2016.csproj", "{FF62E88E-AC3E-49CC-A11C-636124D5A6E3}"
EndProject
Project("{FAE04EC0-301F-11D3-BF4B-00C04F79EFBC}") = "03.TargetMultiplier.June2016", "03.TargetMultiplier.June2016\03.TargetMultiplier.June2016.csproj", "{5E70DE79-07D9-44C1-AD4C-33DF3BA2E5E4}"
EndProject
Project("{FAE04EC0-301F-11D3-BF4B-00C04F79EFBC}") = "04.PopulationAggregation.June2016", "04.PopulationAggregation.June2016\04.PopulationAggregation.June2016.csproj", "{3A7810FD-1BE4-4D9D-973B-656725038A06}"
EndProject
Project("{2150E333-8FDC-42A3-9474-1A3956D46DE8}") = "June 2016", "June 2016", "{019F9D0F-728F-4D11-BBE9-9E835DE404C6}"
EndProject
Project("{2150E333-8FDC-42A3-9474-1A3956D46DE8}") = "September 2016", "September 2016", "{22A40A36-132A-40FC-BA33-C4344B6D392D}"
EndProject
Project("{FAE04EC0-301F-11D3-BF4B-00C04F79EFBC}") = "01.CofferOrders.September2016", "01.CofferOrders.September2016\01.CofferOrders.September2016.csproj", "{127E08A5-F8B2-4D21-81B2-6F52BC13002B}"
EndProject
Project("{FAE04EC0-301F-11D3-BF4B-00C04F79EFBC}") = "02.CommandInterpreter.September2016", "02.CommandInterpreter.September2016\02.CommandInterpreter.September2016.csproj", "{30AC8989-05A7-4EDA-B210-1D1357761260}"
EndProject
Project("{FAE04EC0-301F-11D3-BF4B-00C04F79EFBC}") = "03.RageQuit.September2016", "03.RageQuit.September2016\03.RageQuit.September2016.csproj", "{C40CE908-D719-4736-A45C-6C5198ACC68C}"
EndProject
Project("{FAE04EC0-301F-11D3-BF4B-00C04F79EFBC}") = "04.Files.September2016", "04.Files.September2016\04.Files.September2016.csproj", "{DA48A54A-10CD-4D55-B631-D7B82E4977DB}"
EndProject
Project("{2150E333-8FDC-42A3-9474-1A3956D46DE8}") = "Exam preparation 1", "Exam preparation 1", "{CF79A769-CBB4-48F1-AC7F-36E07951CB65}"
EndProject
Project("{FAE04EC0-301F-11D3-BF4B-00C04F79EFBC}") = "01.SinoTheWalker", "01.SinoTheWalker\01.SinoTheWalker.csproj", "{0EE3E0EC-08E5-49E5-86D5-BF424543DEAA}"
EndProject
Project("{FAE04EC0-301F-11D3-BF4B-00C04F79EFBC}") = "02.SoftUniKaraoke", "02.SoftUniKaraoke\02.SoftUniKaraoke.csproj", "{FD8AB972-2B51-4549-AB41-1C53AFD99E5B}"
EndProject
Project("{FAE04EC0-301F-11D3-BF4B-00C04F79EFBC}") = "03.EnduranceRally", "03.EnduranceRally\03.EnduranceRally.csproj", "{C75FB940-8522-458B-A21B-8B8B50FD2595}"
EndProject
Project("{FAE04EC0-301F-11D3-BF4B-00C04F79EFBC}") = "04.WinningTicket", "04.WinningTicket\04.WinningTicket.csproj", "{A275CB3B-823A-4152-BC9C-9E44576CE1B1}"
EndProject
Project("{2150E333-8FDC-42A3-9474-1A3956D46DE8}") = "23 October 2016", "23 October 2016", "{E2647F5A-C2AE-4DB6-946A-CCE4CDCB707F}"
EndProject
Project("{FAE04EC0-301F-11D3-BF4B-00C04F79EFBC}") = "01.CharityMarathon", "01.CharityMarathon\01.CharityMarathon.csproj", "{CD0036B9-526C-4B28-AB98-ECF8A40D9A1D}"
EndProject
Project("{FAE04EC0-301F-11D3-BF4B-00C04F79EFBC}") = "02.Ladybugs", "02.Ladybugs\02.Ladybugs.csproj", "{7698B74A-677F-4E8A-963E-25BB8AB3537E}"
EndProject
Project("{FAE04EC0-301F-11D3-BF4B-00C04F79EFBC}") = "03.NetherRealms", "03.NetherRealms\03.NetherRealms.csproj", "{BD8B6E4F-6BE3-483F-9259-4733EE8DBD72}"
EndProject
Project("{FAE04EC0-301F-11D3-BF4B-00C04F79EFBC}") = "04.RoliTheCoder", "04.RoliTheCoder\04.RoliTheCoder.csproj", "{AE679EEE-C0B8-424E-B52B-5DF864A735A8}"
EndProject
Project("{2150E333-8FDC-42A3-9474-1A3956D46DE8}") = "Exam preparation 3", "Exam preparation 3", "{6959B269-1C7F-491D-A4F9-603663044614}"
EndProject
Project("{FAE04EC0-301F-11D3-BF4B-00C04F79EFBC}") = "01.SoftuniCoffeeOrders", "01.SoftuniCoffeeOrders\01.SoftuniCoffeeOrders.csproj", "{F08ED9AB-CC17-433D-BA44-9DA278806AAB}"
EndProject
Project("{FAE04EC0-301F-11D3-BF4B-00C04F79EFBC}") = "02.CommandInterpreter", "02.CommandInterpreter\02.CommandInterpreter.csproj", "{B8C25E9B-A62B-4845-84B5-2B56E8C7A7D6}"
EndProject
Project("{FAE04EC0-301F-11D3-BF4B-00C04F79EFBC}") = "03.RageQuit", "03.RageQuit\03.RageQuit.csproj", "{F1B2BD88-E218-47D5-ACAE-090498C534D1}"
EndProject
Project("{FAE04EC0-301F-11D3-BF4B-00C04F79EFBC}") = "04.Files", "04.Files\04.Files.csproj", "{5278F4D9-C4B4-4F55-A86D-71F32E1C6254}"
EndProject
Project("{FAE04EC0-301F-11D3-BF4B-00C04F79EFBC}") = "Exercises", "Exercises\Exercises.csproj", "{59004EA8-0E46-46F7-9D4F-446F326817A6}"
EndProject
Project("{2150E333-8FDC-42A3-9474-1A3956D46DE8}") = "Exam preparation 4", "Exam preparation 4", "{85F0647F-F00D-491E-80D5-95D159FA8E9F}"
EndProject
Project("{FAE04EC0-301F-11D3-BF4B-00C04F79EFBC}") = "01.SweetDessert", "01.SweetDessert\01.SweetDessert.csproj", "{CC3B71A1-346E-4D69-86BB-A81EC5BF8483}"
EndProject
Project("{FAE04EC0-301F-11D3-BF4B-00C04F79EFBC}") = "02.ArrayManipulator", "02.ArrayManipulator\02.ArrayManipulator.csproj", "{63317F7E-B16D-49A0-99B2-75D42431100B}"
EndProject
Project("{FAE04EC0-301F-11D3-BF4B-00C04F79EFBC}") = "03.FootballLeague", "03.FootballLeague\03.FootballLeague.csproj", "{8975B758-6DEA-4484-9047-4DF86EFBB33F}"
EndProject
Project("{FAE04EC0-301F-11D3-BF4B-00C04F79EFBC}") = "04.CubicMessages", "04.CubicMessages\04.CubicMessages.csproj", "{11BA3FC1-A07C-4744-91F7-0DA016BA2660}"
EndProject
Project("{2150E333-8FDC-42A3-9474-1A3956D46DE8}") = "EXAM 26.02.2016", "EXAM 26.02.2016", "{E9ADF601-2B58-4DDB-BDFF-4E0B559090EC}"
EndProject
Project("{FAE04EC0-301F-11D3-BF4B-00C04F79EFBC}") = "01.HornetWings", "01.HornetWings\01.HornetWings.csproj", "{D1602156-E0FF-455D-B62F-0C6CFB62A9C4}"
EndProject
Project("{FAE04EC0-301F-11D3-BF4B-00C04F79EFBC}") = "02.HornetComm", "02.HornetComm\02.HornetComm.csproj", "{A3383E13-B8EB-4F8C-8AF8-48004F26F178}"
EndProject
Project("{FAE04EC0-301F-11D3-BF4B-00C04F79EFBC}") = "03.HornetAssault", "03.HornetAssault\03.HornetAssault.csproj", "{7515C2BC-E5A6-4CF9-BB00-7E294527F25E}"
EndProject
Project("{FAE04EC0-301F-11D3-BF4B-00C04F79EFBC}") = "04.HornetArmada", "04.HornetArmada\04.HornetArmada.csproj", "{CE0491D9-4634-4CE9-894C-5463245B7868}"
EndProject
Global
	GlobalSection(SolutionConfigurationPlatforms) = preSolution
		Debug|Any CPU = Debug|Any CPU
		Release|Any CPU = Release|Any CPU
	EndGlobalSection
	GlobalSection(ProjectConfigurationPlatforms) = postSolution
		{992E3F94-461E-4C97-B47D-0D6C878914F4}.Debug|Any CPU.ActiveCfg = Debug|Any CPU
		{992E3F94-461E-4C97-B47D-0D6C878914F4}.Debug|Any CPU.Build.0 = Debug|Any CPU
		{992E3F94-461E-4C97-B47D-0D6C878914F4}.Release|Any CPU.ActiveCfg = Release|Any CPU
		{992E3F94-461E-4C97-B47D-0D6C878914F4}.Release|Any CPU.Build.0 = Release|Any CPU
		{FF62E88E-AC3E-49CC-A11C-636124D5A6E3}.Debug|Any CPU.ActiveCfg = Debug|Any CPU
		{FF62E88E-AC3E-49CC-A11C-636124D5A6E3}.Debug|Any CPU.Build.0 = Debug|Any CPU
		{FF62E88E-AC3E-49CC-A11C-636124D5A6E3}.Release|Any CPU.ActiveCfg = Release|Any CPU
		{FF62E88E-AC3E-49CC-A11C-636124D5A6E3}.Release|Any CPU.Build.0 = Release|Any CPU
		{5E70DE79-07D9-44C1-AD4C-33DF3BA2E5E4}.Debug|Any CPU.ActiveCfg = Debug|Any CPU
		{5E70DE79-07D9-44C1-AD4C-33DF3BA2E5E4}.Debug|Any CPU.Build.0 = Debug|Any CPU
		{5E70DE79-07D9-44C1-AD4C-33DF3BA2E5E4}.Release|Any CPU.ActiveCfg = Release|Any CPU
		{5E70DE79-07D9-44C1-AD4C-33DF3BA2E5E4}.Release|Any CPU.Build.0 = Release|Any CPU
		{3A7810FD-1BE4-4D9D-973B-656725038A06}.Debug|Any CPU.ActiveCfg = Debug|Any CPU
		{3A7810FD-1BE4-4D9D-973B-656725038A06}.Debug|Any CPU.Build.0 = Debug|Any CPU
		{3A7810FD-1BE4-4D9D-973B-656725038A06}.Release|Any CPU.ActiveCfg = Release|Any CPU
		{3A7810FD-1BE4-4D9D-973B-656725038A06}.Release|Any CPU.Build.0 = Release|Any CPU
		{127E08A5-F8B2-4D21-81B2-6F52BC13002B}.Debug|Any CPU.ActiveCfg = Debug|Any CPU
		{127E08A5-F8B2-4D21-81B2-6F52BC13002B}.Debug|Any CPU.Build.0 = Debug|Any CPU
		{127E08A5-F8B2-4D21-81B2-6F52BC13002B}.Release|Any CPU.ActiveCfg = Release|Any CPU
		{127E08A5-F8B2-4D21-81B2-6F52BC13002B}.Release|Any CPU.Build.0 = Release|Any CPU
		{30AC8989-05A7-4EDA-B210-1D1357761260}.Debug|Any CPU.ActiveCfg = Debug|Any CPU
		{30AC8989-05A7-4EDA-B210-1D1357761260}.Debug|Any CPU.Build.0 = Debug|Any CPU
		{30AC8989-05A7-4EDA-B210-1D1357761260}.Release|Any CPU.ActiveCfg = Release|Any CPU
		{30AC8989-05A7-4EDA-B210-1D1357761260}.Release|Any CPU.Build.0 = Release|Any CPU
		{C40CE908-D719-4736-A45C-6C5198ACC68C}.Debug|Any CPU.ActiveCfg = Debug|Any CPU
		{C40CE908-D719-4736-A45C-6C5198ACC68C}.Debug|Any CPU.Build.0 = Debug|Any CPU
		{C40CE908-D719-4736-A45C-6C5198ACC68C}.Release|Any CPU.ActiveCfg = Release|Any CPU
		{C40CE908-D719-4736-A45C-6C5198ACC68C}.Release|Any CPU.Build.0 = Release|Any CPU
		{DA48A54A-10CD-4D55-B631-D7B82E4977DB}.Debug|Any CPU.ActiveCfg = Debug|Any CPU
		{DA48A54A-10CD-4D55-B631-D7B82E4977DB}.Debug|Any CPU.Build.0 = Debug|Any CPU
		{DA48A54A-10CD-4D55-B631-D7B82E4977DB}.Release|Any CPU.ActiveCfg = Release|Any CPU
		{DA48A54A-10CD-4D55-B631-D7B82E4977DB}.Release|Any CPU.Build.0 = Release|Any CPU
		{0EE3E0EC-08E5-49E5-86D5-BF424543DEAA}.Debug|Any CPU.ActiveCfg = Debug|Any CPU
		{0EE3E0EC-08E5-49E5-86D5-BF424543DEAA}.Debug|Any CPU.Build.0 = Debug|Any CPU
		{0EE3E0EC-08E5-49E5-86D5-BF424543DEAA}.Release|Any CPU.ActiveCfg = Release|Any CPU
		{0EE3E0EC-08E5-49E5-86D5-BF424543DEAA}.Release|Any CPU.Build.0 = Release|Any CPU
		{FD8AB972-2B51-4549-AB41-1C53AFD99E5B}.Debug|Any CPU.ActiveCfg = Debug|Any CPU
		{FD8AB972-2B51-4549-AB41-1C53AFD99E5B}.Debug|Any CPU.Build.0 = Debug|Any CPU
		{FD8AB972-2B51-4549-AB41-1C53AFD99E5B}.Release|Any CPU.ActiveCfg = Release|Any CPU
		{FD8AB972-2B51-4549-AB41-1C53AFD99E5B}.Release|Any CPU.Build.0 = Release|Any CPU
		{C75FB940-8522-458B-A21B-8B8B50FD2595}.Debug|Any CPU.ActiveCfg = Debug|Any CPU
		{C75FB940-8522-458B-A21B-8B8B50FD2595}.Debug|Any CPU.Build.0 = Debug|Any CPU
		{C75FB940-8522-458B-A21B-8B8B50FD2595}.Release|Any CPU.ActiveCfg = Release|Any CPU
		{C75FB940-8522-458B-A21B-8B8B50FD2595}.Release|Any CPU.Build.0 = Release|Any CPU
		{A275CB3B-823A-4152-BC9C-9E44576CE1B1}.Debug|Any CPU.ActiveCfg = Debug|Any CPU
		{A275CB3B-823A-4152-BC9C-9E44576CE1B1}.Debug|Any CPU.Build.0 = Debug|Any CPU
		{A275CB3B-823A-4152-BC9C-9E44576CE1B1}.Release|Any CPU.ActiveCfg = Release|Any CPU
		{A275CB3B-823A-4152-BC9C-9E44576CE1B1}.Release|Any CPU.Build.0 = Release|Any CPU
		{CD0036B9-526C-4B28-AB98-ECF8A40D9A1D}.Debug|Any CPU.ActiveCfg = Debug|Any CPU
		{CD0036B9-526C-4B28-AB98-ECF8A40D9A1D}.Debug|Any CPU.Build.0 = Debug|Any CPU
		{CD0036B9-526C-4B28-AB98-ECF8A40D9A1D}.Release|Any CPU.ActiveCfg = Release|Any CPU
		{CD0036B9-526C-4B28-AB98-ECF8A40D9A1D}.Release|Any CPU.Build.0 = Release|Any CPU
		{7698B74A-677F-4E8A-963E-25BB8AB3537E}.Debug|Any CPU.ActiveCfg = Debug|Any CPU
		{7698B74A-677F-4E8A-963E-25BB8AB3537E}.Debug|Any CPU.Build.0 = Debug|Any CPU
		{7698B74A-677F-4E8A-963E-25BB8AB3537E}.Release|Any CPU.ActiveCfg = Release|Any CPU
		{7698B74A-677F-4E8A-963E-25BB8AB3537E}.Release|Any CPU.Build.0 = Release|Any CPU
		{BD8B6E4F-6BE3-483F-9259-4733EE8DBD72}.Debug|Any CPU.ActiveCfg = Debug|Any CPU
		{BD8B6E4F-6BE3-483F-9259-4733EE8DBD72}.Debug|Any CPU.Build.0 = Debug|Any CPU
		{BD8B6E4F-6BE3-483F-9259-4733EE8DBD72}.Release|Any CPU.ActiveCfg = Release|Any CPU
		{BD8B6E4F-6BE3-483F-9259-4733EE8DBD72}.Release|Any CPU.Build.0 = Release|Any CPU
		{AE679EEE-C0B8-424E-B52B-5DF864A735A8}.Debug|Any CPU.ActiveCfg = Debug|Any CPU
		{AE679EEE-C0B8-424E-B52B-5DF864A735A8}.Debug|Any CPU.Build.0 = Debug|Any CPU
		{AE679EEE-C0B8-424E-B52B-5DF864A735A8}.Release|Any CPU.ActiveCfg = Release|Any CPU
		{AE679EEE-C0B8-424E-B52B-5DF864A735A8}.Release|Any CPU.Build.0 = Release|Any CPU
		{F08ED9AB-CC17-433D-BA44-9DA278806AAB}.Debug|Any CPU.ActiveCfg = Debug|Any CPU
		{F08ED9AB-CC17-433D-BA44-9DA278806AAB}.Debug|Any CPU.Build.0 = Debug|Any CPU
		{F08ED9AB-CC17-433D-BA44-9DA278806AAB}.Release|Any CPU.ActiveCfg = Release|Any CPU
		{F08ED9AB-CC17-433D-BA44-9DA278806AAB}.Release|Any CPU.Build.0 = Release|Any CPU
		{B8C25E9B-A62B-4845-84B5-2B56E8C7A7D6}.Debug|Any CPU.ActiveCfg = Debug|Any CPU
		{B8C25E9B-A62B-4845-84B5-2B56E8C7A7D6}.Debug|Any CPU.Build.0 = Debug|Any CPU
		{B8C25E9B-A62B-4845-84B5-2B56E8C7A7D6}.Release|Any CPU.ActiveCfg = Release|Any CPU
		{B8C25E9B-A62B-4845-84B5-2B56E8C7A7D6}.Release|Any CPU.Build.0 = Release|Any CPU
		{F1B2BD88-E218-47D5-ACAE-090498C534D1}.Debug|Any CPU.ActiveCfg = Debug|Any CPU
		{F1B2BD88-E218-47D5-ACAE-090498C534D1}.Debug|Any CPU.Build.0 = Debug|Any CPU
		{F1B2BD88-E218-47D5-ACAE-090498C534D1}.Release|Any CPU.ActiveCfg = Release|Any CPU
		{F1B2BD88-E218-47D5-ACAE-090498C534D1}.Release|Any CPU.Build.0 = Release|Any CPU
		{5278F4D9-C4B4-4F55-A86D-71F32E1C6254}.Debug|Any CPU.ActiveCfg = Debug|Any CPU
		{5278F4D9-C4B4-4F55-A86D-71F32E1C6254}.Debug|Any CPU.Build.0 = Debug|Any CPU
		{5278F4D9-C4B4-4F55-A86D-71F32E1C6254}.Release|Any CPU.ActiveCfg = Release|Any CPU
		{5278F4D9-C4B4-4F55-A86D-71F32E1C6254}.Release|Any CPU.Build.0 = Release|Any CPU
		{59004EA8-0E46-46F7-9D4F-446F326817A6}.Debug|Any CPU.ActiveCfg = Debug|Any CPU
		{59004EA8-0E46-46F7-9D4F-446F326817A6}.Debug|Any CPU.Build.0 = Debug|Any CPU
		{59004EA8-0E46-46F7-9D4F-446F326817A6}.Release|Any CPU.ActiveCfg = Release|Any CPU
		{59004EA8-0E46-46F7-9D4F-446F326817A6}.Release|Any CPU.Build.0 = Release|Any CPU
		{CC3B71A1-346E-4D69-86BB-A81EC5BF8483}.Debug|Any CPU.ActiveCfg = Debug|Any CPU
		{CC3B71A1-346E-4D69-86BB-A81EC5BF8483}.Debug|Any CPU.Build.0 = Debug|Any CPU
		{CC3B71A1-346E-4D69-86BB-A81EC5BF8483}.Release|Any CPU.ActiveCfg = Release|Any CPU
		{CC3B71A1-346E-4D69-86BB-A81EC5BF8483}.Release|Any CPU.Build.0 = Release|Any CPU
		{63317F7E-B16D-49A0-99B2-75D42431100B}.Debug|Any CPU.ActiveCfg = Debug|Any CPU
		{63317F7E-B16D-49A0-99B2-75D42431100B}.Debug|Any CPU.Build.0 = Debug|Any CPU
		{63317F7E-B16D-49A0-99B2-75D42431100B}.Release|Any CPU.ActiveCfg = Release|Any CPU
		{63317F7E-B16D-49A0-99B2-75D42431100B}.Release|Any CPU.Build.0 = Release|Any CPU
		{8975B758-6DEA-4484-9047-4DF86EFBB33F}.Debug|Any CPU.ActiveCfg = Debug|Any CPU
		{8975B758-6DEA-4484-9047-4DF86EFBB33F}.Debug|Any CPU.Build.0 = Debug|Any CPU
		{8975B758-6DEA-4484-9047-4DF86EFBB33F}.Release|Any CPU.ActiveCfg = Release|Any CPU
		{8975B758-6DEA-4484-9047-4DF86EFBB33F}.Release|Any CPU.Build.0 = Release|Any CPU
		{11BA3FC1-A07C-4744-91F7-0DA016BA2660}.Debug|Any CPU.ActiveCfg = Debug|Any CPU
		{11BA3FC1-A07C-4744-91F7-0DA016BA2660}.Debug|Any CPU.Build.0 = Debug|Any CPU
		{11BA3FC1-A07C-4744-91F7-0DA016BA2660}.Release|Any CPU.ActiveCfg = Release|Any CPU
		{11BA3FC1-A07C-4744-91F7-0DA016BA2660}.Release|Any CPU.Build.0 = Release|Any CPU
		{D1602156-E0FF-455D-B62F-0C6CFB62A9C4}.Debug|Any CPU.ActiveCfg = Debug|Any CPU
		{D1602156-E0FF-455D-B62F-0C6CFB62A9C4}.Debug|Any CPU.Build.0 = Debug|Any CPU
		{D1602156-E0FF-455D-B62F-0C6CFB62A9C4}.Release|Any CPU.ActiveCfg = Release|Any CPU
		{D1602156-E0FF-455D-B62F-0C6CFB62A9C4}.Release|Any CPU.Build.0 = Release|Any CPU
		{A3383E13-B8EB-4F8C-8AF8-48004F26F178}.Debug|Any CPU.ActiveCfg = Debug|Any CPU
		{A3383E13-B8EB-4F8C-8AF8-48004F26F178}.Debug|Any CPU.Build.0 = Debug|Any CPU
		{A3383E13-B8EB-4F8C-8AF8-48004F26F178}.Release|Any CPU.ActiveCfg = Release|Any CPU
		{A3383E13-B8EB-4F8C-8AF8-48004F26F178}.Release|Any CPU.Build.0 = Release|Any CPU
		{7515C2BC-E5A6-4CF9-BB00-7E294527F25E}.Debug|Any CPU.ActiveCfg = Debug|Any CPU
		{7515C2BC-E5A6-4CF9-BB00-7E294527F25E}.Debug|Any CPU.Build.0 = Debug|Any CPU
		{7515C2BC-E5A6-4CF9-BB00-7E294527F25E}.Release|Any CPU.ActiveCfg = Release|Any CPU
		{7515C2BC-E5A6-4CF9-BB00-7E294527F25E}.Release|Any CPU.Build.0 = Release|Any CPU
		{CE0491D9-4634-4CE9-894C-5463245B7868}.Debug|Any CPU.ActiveCfg = Debug|Any CPU
		{CE0491D9-4634-4CE9-894C-5463245B7868}.Debug|Any CPU.Build.0 = Debug|Any CPU
		{CE0491D9-4634-4CE9-894C-5463245B7868}.Release|Any CPU.ActiveCfg = Release|Any CPU
		{CE0491D9-4634-4CE9-894C-5463245B7868}.Release|Any CPU.Build.0 = Release|Any CPU
	EndGlobalSection
	GlobalSection(SolutionProperties) = preSolution
		HideSolutionNode = FALSE
	EndGlobalSection
	GlobalSection(NestedProjects) = preSolution
		{992E3F94-461E-4C97-B47D-0D6C878914F4} = {019F9D0F-728F-4D11-BBE9-9E835DE404C6}
		{FF62E88E-AC3E-49CC-A11C-636124D5A6E3} = {019F9D0F-728F-4D11-BBE9-9E835DE404C6}
		{5E70DE79-07D9-44C1-AD4C-33DF3BA2E5E4} = {019F9D0F-728F-4D11-BBE9-9E835DE404C6}
		{3A7810FD-1BE4-4D9D-973B-656725038A06} = {019F9D0F-728F-4D11-BBE9-9E835DE404C6}
		{127E08A5-F8B2-4D21-81B2-6F52BC13002B} = {22A40A36-132A-40FC-BA33-C4344B6D392D}
		{30AC8989-05A7-4EDA-B210-1D1357761260} = {22A40A36-132A-40FC-BA33-C4344B6D392D}
		{C40CE908-D719-4736-A45C-6C5198ACC68C} = {22A40A36-132A-40FC-BA33-C4344B6D392D}
		{DA48A54A-10CD-4D55-B631-D7B82E4977DB} = {22A40A36-132A-40FC-BA33-C4344B6D392D}
		{0EE3E0EC-08E5-49E5-86D5-BF424543DEAA} = {CF79A769-CBB4-48F1-AC7F-36E07951CB65}
		{FD8AB972-2B51-4549-AB41-1C53AFD99E5B} = {CF79A769-CBB4-48F1-AC7F-36E07951CB65}
		{C75FB940-8522-458B-A21B-8B8B50FD2595} = {CF79A769-CBB4-48F1-AC7F-36E07951CB65}
		{A275CB3B-823A-4152-BC9C-9E44576CE1B1} = {CF79A769-CBB4-48F1-AC7F-36E07951CB65}
		{CD0036B9-526C-4B28-AB98-ECF8A40D9A1D} = {E2647F5A-C2AE-4DB6-946A-CCE4CDCB707F}
		{7698B74A-677F-4E8A-963E-25BB8AB3537E} = {E2647F5A-C2AE-4DB6-946A-CCE4CDCB707F}
		{BD8B6E4F-6BE3-483F-9259-4733EE8DBD72} = {E2647F5A-C2AE-4DB6-946A-CCE4CDCB707F}
		{AE679EEE-C0B8-424E-B52B-5DF864A735A8} = {E2647F5A-C2AE-4DB6-946A-CCE4CDCB707F}
		{F08ED9AB-CC17-433D-BA44-9DA278806AAB} = {6959B269-1C7F-491D-A4F9-603663044614}
		{B8C25E9B-A62B-4845-84B5-2B56E8C7A7D6} = {6959B269-1C7F-491D-A4F9-603663044614}
		{F1B2BD88-E218-47D5-ACAE-090498C534D1} = {6959B269-1C7F-491D-A4F9-603663044614}
		{5278F4D9-C4B4-4F55-A86D-71F32E1C6254} = {6959B269-1C7F-491D-A4F9-603663044614}
		{CC3B71A1-346E-4D69-86BB-A81EC5BF8483} = {85F0647F-F00D-491E-80D5-95D159FA8E9F}
		{63317F7E-B16D-49A0-99B2-75D42431100B} = {85F0647F-F00D-491E-80D5-95D159FA8E9F}
		{8975B758-6DEA-4484-9047-4DF86EFBB33F} = {85F0647F-F00D-491E-80D5-95D159FA8E9F}
		{11BA3FC1-A07C-4744-91F7-0DA016BA2660} = {85F0647F-F00D-491E-80D5-95D159FA8E9F}
		{D1602156-E0FF-455D-B62F-0C6CFB62A9C4} = {E9ADF601-2B58-4DDB-BDFF-4E0B559090EC}
		{A3383E13-B8EB-4F8C-8AF8-48004F26F178} = {E9ADF601-2B58-4DDB-BDFF-4E0B559090EC}
		{7515C2BC-E5A6-4CF9-BB00-7E294527F25E} = {E9ADF601-2B58-4DDB-BDFF-4E0B559090EC}
		{CE0491D9-4634-4CE9-894C-5463245B7868} = {E9ADF601-2B58-4DDB-BDFF-4E0B559090EC}
	EndGlobalSection
EndGlobal
