
Microsoft Visual Studio Solution File, Format Version 12.00
# Visual Studio 14
VisualStudioVersion = 14.0.25420.1
MinimumVisualStudioVersion = 10.0.40219.1
Project("{FAE04EC0-301F-11D3-BF4B-00C04F79EFBC}") = "26March.05.Peperuda", "26March.05.Peperuda\26March.05.Peperuda.csproj", "{40B9BC39-C93D-4DC9-BA3A-D4DAE4384A54}"
EndProject
Project("{FAE04EC0-301F-11D3-BF4B-00C04F79EFBC}") = "26March.03.Trip", "26March.03.Trip\26March.03.Trip.csproj", "{E2493BCA-D44D-4F86-BC37-1D0DB5717A81}"
EndProject
Project("{FAE04EC0-301F-11D3-BF4B-00C04F79EFBC}") = "26March.01.VegetableMarket", "26March.01.VegetableMarket\26March.01.VegetableMarket.csproj", "{81AAEB54-82F8-4D25-98F5-2A85F75D901E}"
EndProject
Project("{FAE04EC0-301F-11D3-BF4B-00C04F79EFBC}") = "26March.02.PoolPipes", "26March.02.PoolPipes\26March.02.PoolPipes.csproj", "{7383DDF8-75E7-4306-BACE-68F1E4A45059}"
EndProject
Project("{FAE04EC0-301F-11D3-BF4B-00C04F79EFBC}") = "24April.06.SpecialNumbers", "24April.06.SpecialNumbers\24April.06.SpecialNumbers.csproj", "{D0269A01-6015-461F-8008-217373BBDD9D}"
EndProject
Project("{FAE04EC0-301F-11D3-BF4B-00C04F79EFBC}") = "06.March.06.StupidPassword", "06.March.06.StupidPassword\06.March.06.StupidPassword.csproj", "{6837CDCA-F49C-44AE-AF3D-FCCDC5B85640}"
EndProject
Project("{FAE04EC0-301F-11D3-BF4B-00C04F79EFBC}") = "17.July.06.StopNumber", "17.July.06.StopNumber\17.July.06.StopNumber.csproj", "{A264E013-B156-4667-B0E9-375162E8DD68}"
EndProject
Project("{FAE04EC0-301F-11D3-BF4B-00C04F79EFBC}") = "17.July.05.Diamond", "17.July.05.Diamond\17.July.05.Diamond.csproj", "{9204DE3A-0521-4551-9CEF-1FA28697DFBF}"
EndProject
Project("{FAE04EC0-301F-11D3-BF4B-00C04F79EFBC}") = "17.July.05.V2.Diamond", "17.July.05.V2.Diamond\17.July.05.V2.Diamond.csproj", "{B79460F5-1DB2-45C3-A6DA-E12ED46FD253}"
EndProject
Project("{FAE04EC0-301F-11D3-BF4B-00C04F79EFBC}") = "17.July.01.Money", "17.July.01.Money\17.July.01.Money.csproj", "{A336B271-064D-4C61-A10B-F880A852288D}"
EndProject
Project("{FAE04EC0-301F-11D3-BF4B-00C04F79EFBC}") = "17.July.02.Harvest", "17.July.02.Harvest\17.July.02.Harvest.csproj", "{B8294D81-675A-43F5-BF13-A79537F648AD}"
EndProject
Project("{FAE04EC0-301F-11D3-BF4B-00C04F79EFBC}") = "17.July.03.MatchTickets", "17.July.03.MatchTickets\17.July.03.MatchTickets.csproj", "{ED4019E9-9B84-4541-A31E-3E67780CC1B6}"
EndProject
Project("{FAE04EC0-301F-11D3-BF4B-00C04F79EFBC}") = "17.July.04.BackToThePast", "17.July.04.BackToThePast\17.July.04.BackToThePast.csproj", "{53878C7D-DFA6-46B3-9841-566743933480}"
EndProject
Project("{2150E333-8FDC-42A3-9474-1A3956D46DE8}") = "17.July", "17.July", "{E7B2BD59-A75C-4F3E-AA95-B58A6DE10D0F}"
EndProject
Project("{2150E333-8FDC-42A3-9474-1A3956D46DE8}") = "28August", "28August", "{4F8074AA-DBB6-4EC6-B665-5E2020F90127}"
EndProject
Project("{FAE04EC0-301F-11D3-BF4B-00C04F79EFBC}") = "28August.01.Profit", "28August.01.Profit\28August.01.Profit.csproj", "{9D89F382-CCB4-4338-A0FB-6E4A3B6985C4}"
EndProject
Project("{FAE04EC0-301F-11D3-BF4B-00C04F79EFBC}") = "28August.02.Firm", "28August.02.Firm\28August.02.Firm.csproj", "{20DA728C-48D9-44F4-BA21-5F723160F4BB}"
EndProject
Project("{FAE04EC0-301F-11D3-BF4B-00C04F79EFBC}") = "28August.03.HotelRoom", "28August.03.HotelRoom\28August.03.HotelRoom.csproj", "{EE23066B-B688-4886-8F08-1032A4E9115B}"
EndProject
Project("{FAE04EC0-301F-11D3-BF4B-00C04F79EFBC}") = "28August.04.Hospital", "28August.04.Hospital\28August.04.Hospital.csproj", "{B770BFFF-9AA0-4CEC-B4FF-0D230D223D6D}"
EndProject
Project("{FAE04EC0-301F-11D3-BF4B-00C04F79EFBC}") = "28August.05.Axe", "28August.05.Axe\28August.05.Axe.csproj", "{6BBBDA89-CA77-4B48-8564-44067EAF7966}"
EndProject
Project("{FAE04EC0-301F-11D3-BF4B-00C04F79EFBC}") = "28August.06.Digits", "28August.06.Digits\28August.06.Digits.csproj", "{002D7819-B1A4-41FE-B622-EB2F3D6F96FC}"
EndProject
Project("{2150E333-8FDC-42A3-9474-1A3956D46DE8}") = "26March", "26March", "{9640BC78-192B-4A95-BC13-DD81A827DF25}"
EndProject
Project("{FAE04EC0-301F-11D3-BF4B-00C04F79EFBC}") = "26March.04.Division", "26March.04.Division\26March.04.Division.csproj", "{5C09CB90-00F5-4541-99DA-756B0795D3E5}"
EndProject
Project("{FAE04EC0-301F-11D3-BF4B-00C04F79EFBC}") = "26March.06,MagicNumbers", "26March.06,MagicNumbers\26March.06,MagicNumbers.csproj", "{0F27FCBF-1898-4F93-959E-6860540D08F7}"
EndProject
Project("{2150E333-8FDC-42A3-9474-1A3956D46DE8}") = "06.March", "06.March", "{0E97E920-C2CA-47D3-9396-44F951E1150A}"
EndProject
Project("{FAE04EC0-301F-11D3-BF4B-00C04F79EFBC}") = "06.March.01.TrainingLab", "06.March.01.TrainingLab\06.March.01.TrainingLab.csproj", "{F0F807CD-1A04-4B20-B78F-A4A940C385FA}"
EndProject
Project("{FAE04EC0-301F-11D3-BF4B-00C04F79EFBC}") = "06.March.03.OnTimeForTheExam", "26.March.03.OnTimeForTheExam\06.March.03.OnTimeForTheExam.csproj", "{5F40A801-C636-446A-9154-E0D07D815683}"
EndProject
Project("{FAE04EC0-301F-11D3-BF4B-00C04F79EFBC}") = "06.March.02.TransportPrice", "06.March.02.TransportPrice\06.March.02.TransportPrice.csproj", "{B4DBD8C0-1939-4971-B7DB-F3AC96F3359C}"
EndProject
Project("{FAE04EC0-301F-11D3-BF4B-00C04F79EFBC}") = "06.March.04.Histogram", "06.March.04.Histogram\06.March.04.Histogram.csproj", "{3D024129-57C0-4479-B53A-031B37DB0530}"
EndProject
Project("{FAE04EC0-301F-11D3-BF4B-00C04F79EFBC}") = "06.March.05.DrawFort", "06.March.05.DrawFort\06.March.05.DrawFort.csproj", "{F02A0AE9-6FBB-4328-8297-1110499BB7BA}"
EndProject
Project("{FAE04EC0-301F-11D3-BF4B-00C04F79EFBC}") = "ConsoleApplication1", "ConsoleApplication1\ConsoleApplication1.csproj", "{23894C93-B674-40A9-8BC9-EB0ACB592E25}"
EndProject
Project("{2150E333-8FDC-42A3-9474-1A3956D46DE8}") = "24.April", "24.April", "{FB09FFFE-BA7C-44DC-B1E0-808684E4D2D5}"
EndProject
Project("{FAE04EC0-301F-11D3-BF4B-00C04F79EFBC}") = "24.April.01.RepairTiles", "24.April.01.RepairTiles\24.April.01.RepairTiles.csproj", "{2C85E0BC-F64E-4AEC-9798-74431B03CB47}"
EndProject
Project("{FAE04EC0-301F-11D3-BF4B-00C04F79EFBC}") = "24.April.02.SleepyCatTom", "24.April.02.SleepyCatTom\24.April.02.SleepyCatTom.csproj", "{7C6DE5D7-94A6-4C73-A4FF-540DF3FFC3B1}"
EndProject
Project("{FAE04EC0-301F-11D3-BF4B-00C04F79EFBC}") = "24.April.03.OperationBetweenNumbers", "24.April.03.OperationBetweenNumbers\24.April.03.OperationBetweenNumbers.csproj", "{70A68993-98A2-4108-A885-A534A8EBA83B}"
EndProject
Project("{FAE04EC0-301F-11D3-BF4B-00C04F79EFBC}") = "24.April.04.SmartLily", "24.April.04.SmartLily\24.April.04.SmartLily.csproj", "{74CEAF1B-A69D-4F65-B99E-9A7887FD470F}"
EndProject
Project("{FAE04EC0-301F-11D3-BF4B-00C04F79EFBC}") = "24.April.05.Stop", "24.April.05.Stop\24.April.05.Stop.csproj", "{C39B61A2-E2D2-4D67-9CA3-1F8548CA5047}"
EndProject
Project("{2150E333-8FDC-42A3-9474-1A3956D46DE8}") = "101.January2016", "101.January2016", "{8CF3C9EA-2D32-4A39-8696-BBE9613B7D94}"
EndProject
Project("{FAE04EC0-301F-11D3-BF4B-00C04F79EFBC}") = "January2016.01.TriangleArea", "January2016.01.TriangleArea\January2016.01.TriangleArea.csproj", "{96495D3F-4987-46D8-BDBB-B4368337F264}"
EndProject
Project("{FAE04EC0-301F-11D3-BF4B-00C04F79EFBC}") = "January2016.02.Bricks", "January2016.02.Bricks\January2016.02.Bricks.csproj", "{12F6E55B-3983-4F21-A076-904074FE4070}"
EndProject
Project("{FAE04EC0-301F-11D3-BF4B-00C04F79EFBC}") = "January2016.03.PointOnSegment", "January2016.03.PointOnSegment\January2016.03.PointOnSegment.csproj", "{66297B8E-0339-4CF3-8074-D357322E3F63}"
EndProject
Project("{FAE04EC0-301F-11D3-BF4B-00C04F79EFBC}") = "January2016.04.PointInFigure", "January2016.04.PointInFigure\January2016.04.PointInFigure.csproj", "{35D85CEF-181C-4C56-80A3-585824A8E367}"
EndProject
Project("{FAE04EC0-301F-11D3-BF4B-00C04F79EFBC}") = "January2016.05.DateAfterFiveDays", "January2016.05.DateAfterFiveDays\January2016.05.DateAfterFiveDays.csproj", "{C604A0C1-0686-4450-A064-058EEA575398}"
EndProject
Project("{FAE04EC0-301F-11D3-BF4B-00C04F79EFBC}") = "January2016.06.Sums3Numbers", "January2016.06.Sums3Numbers\January2016.06.Sums3Numbers.csproj", "{BF481D23-6E50-435C-BD2F-D261E73D95DD}"
EndProject
Project("{FAE04EC0-301F-11D3-BF4B-00C04F79EFBC}") = "January2016.07.SumsStep3", "January2016.07.SumsStep3\January2016.07.SumsStep3.csproj", "{0F80B93C-D3C6-41BF-80BB-94F5791C9D48}"
EndProject
Project("{FAE04EC0-301F-11D3-BF4B-00C04F79EFBC}") = "January2016.08.IncreasingElements", "January2016.08.IncreasingElements\January2016.08.IncreasingElements.csproj", "{E404FAD0-3F2A-4307-A0BD-455378485364}"
EndProject
Project("{FAE04EC0-301F-11D3-BF4B-00C04F79EFBC}") = "January2016.07.V2.SumsStep3", "January2016.07.V2.SumsStep3\January2016.07.V2.SumsStep3.csproj", "{08C8819F-C3C6-44EF-919B-852F06CE9DAF}"
EndProject
Project("{FAE04EC0-301F-11D3-BF4B-00C04F79EFBC}") = "January2016.09.PerfectDiamond", "January2016.09.PerfectDiamond\January2016.09.PerfectDiamond.csproj", "{2A43A16E-2061-43B9-BE76-1DDDB7B4E1C8}"
EndProject
Project("{FAE04EC0-301F-11D3-BF4B-00C04F79EFBC}") = "January2016.10.RectangleWithStars", "January2016.10.RectangleWithStars\January2016.10.RectangleWithStars.csproj", "{F0C5CBCA-6891-425C-A41B-177665A610F6}"
EndProject
Project("{FAE04EC0-301F-11D3-BF4B-00C04F79EFBC}") = "January2016.11.Increasing4Numbers", "January2016.11.Increasing4Numbers\January2016.11.Increasing4Numbers.csproj", "{D0D403A1-92A4-4566-8B4A-907C2A08A74C}"
EndProject
Project("{FAE04EC0-301F-11D3-BF4B-00C04F79EFBC}") = "January2016.12.GenerateRectangles", "January2016.12.GenerateRectangles\January2016.12.GenerateRectangles.csproj", "{34C3D0F7-B47A-4597-BF00-D63B85B776C7}"
EndProject
Project("{2150E333-8FDC-42A3-9474-1A3956D46DE8}") = "7.November.2014", "7.November.2014", "{2D5EC5AF-DBED-4876-AD83-90BE2EB30780}"
EndProject
Project("{FAE04EC0-301F-11D3-BF4B-00C04F79EFBC}") = "7.November.2014.01.Budget", "7.November.2014.01.Budget\7.November.2014.01.Budget.csproj", "{F5CCCD42-8E4C-4960-BE1D-4CAE01FDFBCA}"
EndProject
Project("{FAE04EC0-301F-11D3-BF4B-00C04F79EFBC}") = "7.November.2014.02.OddOrEvenCounter", "7.November.2014.02.OddOrEvenCounter\7.November.2014.02.OddOrEvenCounter.csproj", "{9561C853-3C09-453A-A9FC-97358373A9AA}"
EndProject
Project("{2150E333-8FDC-42A3-9474-1A3956D46DE8}") = "21.February.2016", "21.February.2016", "{4859EDD2-4DF5-49AF-A43A-71BF6B7CB7DC}"
EndProject
Project("{FAE04EC0-301F-11D3-BF4B-00C04F79EFBC}") = "21.February.2016.01.HungryGarfield", "21.February.2016.01.HungryGarfield\21.February.2016.01.HungryGarfield.csproj", "{10353BFF-9D14-4FC6-919C-8652E05673C2}"
EndProject
Project("{FAE04EC0-301F-11D3-BF4B-00C04F79EFBC}") = "7.November2014.03.Plane", "7.November2014.03.Plane\7.November2014.03.Plane.csproj", "{490607A7-BA29-4C10-BC13-841D179A9692}"
EndProject
Project("{FAE04EC0-301F-11D3-BF4B-00C04F79EFBC}") = "21.February.2016.02.EncodedAnswers", "21.February.2016.02.EncodedAnswers\21.February.2016.02.EncodedAnswers.csproj", "{E6C805FF-706A-401E-B86A-4425D89296CE}"
EndProject
Project("{FAE04EC0-301F-11D3-BF4B-00C04F79EFBC}") = "21.February.2016.03.FallenInLove", "21.February.2016.03.FallenInLove\21.February.2016.03.FallenInLove.csproj", "{E970909E-3F61-4636-A325-AF202650E4FC}"
EndProject
Project("{FAE04EC0-301F-11D3-BF4B-00C04F79EFBC}") = "21.February.2016.04.PassionDays", "21.February.2016.04.PassionDays\21.February.2016.04.PassionDays.csproj", "{3240D9B5-359F-459A-958F-66849987C021}"
EndProject
Project("{2150E333-8FDC-42A3-9474-1A3956D46DE8}") = "28.November2015", "28.November2015", "{89B78895-F948-4587-91D6-8C9632E4DDD6}"
EndProject
Project("{FAE04EC0-301F-11D3-BF4B-00C04F79EFBC}") = "28.November2015.01.ImpressTheGirlfriend", "28.November2015.01.ImpressTheGirlfriend\28.November2015.01.ImpressTheGirlfriend.csproj", "{A2C294CF-06B4-405F-8532-FE5B8918ADFB}"
EndProject
Project("{FAE04EC0-301F-11D3-BF4B-00C04F79EFBC}") = "28.November2015.02.TakeThePlane", "28.November2015.02.TakeThePlane\28.November2015.02.TakeThePlane.csproj", "{C587C1AC-CA8F-4067-B3D9-4492A6B7845F}"
EndProject
Project("{FAE04EC0-301F-11D3-BF4B-00C04F79EFBC}") = "28.November2015.03.AceOfDiamonds", "28.November2015.03.AceOfDiamonds\28.November2015.03.AceOfDiamonds.csproj", "{CC730473-C263-43A2-B680-47F5F8DAFB4B}"
EndProject
Project("{FAE04EC0-301F-11D3-BF4B-00C04F79EFBC}") = "7.November.2014.04.WeirdCombinations", "7.November.2014.04.WeirdCombinations\7.November.2014.04.WeirdCombinations.csproj", "{93D02ABB-FC6B-4C78-8FED-760FDACE1598}"
EndProject
Project("{FAE04EC0-301F-11D3-BF4B-00C04F79EFBC}") = "January2016.05.V2.DateAfterFiveDays", "January2016.05.V2.DateAfterFiveDays\January2016.05.V2.DateAfterFiveDays.csproj", "{B96DA110-15C7-4DE0-BFC9-FCEF347D2ABE}"
EndProject
Project("{2150E333-8FDC-42A3-9474-1A3956D46DE8}") = "20.November2016", "20.November2016", "{BA4EF7E2-8B92-4BBB-9980-1A291249BAF3}"
EndProject
Project("{FAE04EC0-301F-11D3-BF4B-00C04F79EFBC}") = "20.November2016.01.Fishland", "20.November2016.01.Fishland\20.November2016.01.Fishland.csproj", "{69E2173C-7395-4E54-B84D-D0A8E9265A56}"
EndProject
Project("{FAE04EC0-301F-11D3-BF4B-00C04F79EFBC}") = "20.November2016.02.Pets", "20.November2016.02.Pets\20.November2016.02.Pets.csproj", "{890A7085-3994-432B-92B0-844FF6535EF6}"
EndProject
Project("{FAE04EC0-301F-11D3-BF4B-00C04F79EFBC}") = "20.November2016.03.Vacation", "20.November2016.03.Vacation\20.November2016.03.Vacation.csproj", "{910B0A15-7A9B-4364-8572-B722564BF792}"
EndProject
Project("{FAE04EC0-301F-11D3-BF4B-00C04F79EFBC}") = "20.November2016.04.SoftUniCamp", "20.November2016.04.SoftUniCamp\20.November2016.04.SoftUniCamp.csproj", "{5DE70962-94F8-4CA8-A3CC-38E64E0CB148}"
EndProject
Project("{FAE04EC0-301F-11D3-BF4B-00C04F79EFBC}") = "20.November2016.05.Fox", "20.November2016.05.Fox\20.November2016.05.Fox.csproj", "{2DF097A7-9AC2-4312-8B37-B4A9272605FD}"
EndProject
Project("{FAE04EC0-301F-11D3-BF4B-00C04F79EFBC}") = "20.November2016.06.Battles", "20.November2016.06.Battles\20.November2016.06.Battles.csproj", "{2E090295-F2CE-4012-B718-E213DA7B40CC}"
EndProject
Project("{2150E333-8FDC-42A3-9474-1A3956D46DE8}") = "20.November2016.Evening", "20.November2016.Evening", "{26D05592-3245-4B60-8D6D-846BD5FFB368}"
EndProject
Project("{FAE04EC0-301F-11D3-BF4B-00C04F79EFBC}") = "20.November2016.01.HousePrice", "20.November2016.01.HousePrice\20.November2016.01.HousePrice.csproj", "{46AF9D0A-C95D-4C4C-B7B5-33BFD79A0EA3}"
EndProject
Project("{FAE04EC0-301F-11D3-BF4B-00C04F79EFBC}") = "20.November2016.02.FlowerShop", "20.November2016.02.FlowerShop\20.November2016.02.FlowerShop.csproj", "{CCD580E8-1893-4071-8F05-8873C4BA02A9}"
EndProject
Project("{FAE04EC0-301F-11D3-BF4B-00C04F79EFBC}") = "20.November2016.03.BikeRace", "20.November2016.03.BikeRace\20.November2016.03.BikeRace.csproj", "{D8D21DAF-10D9-4C1F-B8C6-8F3E95AE2B37}"
EndProject
Project("{FAE04EC0-301F-11D3-BF4B-00C04F79EFBC}") = "20.November2016.04.Logistics", "20.November2016.04.Logistics\20.November2016.04.Logistics.csproj", "{B2AC00AD-1350-47BA-8BF1-6366749C9706}"
EndProject
Project("{FAE04EC0-301F-11D3-BF4B-00C04F79EFBC}") = "20.November2016.05.Rocket", "20.November2016.05.Rocket\20.November2016.05.Rocket.csproj", "{E2B914EC-76B9-4895-85C9-6C1AD70C4C5A}"
EndProject
Project("{FAE04EC0-301F-11D3-BF4B-00C04F79EFBC}") = "20.November2016.06.MaxCombination", "20.November2016.06.MaxCombination\20.November2016.06.MaxCombination.csproj", "{BF8ED6E4-E50F-4BBC-B17F-37E2AB0037E1}"
EndProject
Project("{2150E333-8FDC-42A3-9474-1A3956D46DE8}") = "28.December2016", "28.December2016", "{A1E9B7AE-5848-4E52-8A7E-B48492E6BA9C}"
EndProject
Project("{FAE04EC0-301F-11D3-BF4B-00C04F79EFBC}") = "18December2016.01.Distance", "18December2016.01.Distance\18December2016.01.Distance.csproj", "{B89D2B83-47E8-4010-BC2D-F9D0F2D73722}"
EndProject
Project("{FAE04EC0-301F-11D3-BF4B-00C04F79EFBC}") = "28December2016.02.ChangeTiles", "28December2016.02.ChangeTiles\28December2016.02.ChangeTiles.csproj", "{50BC8548-7349-4BF4-ACA6-57A1985AB477}"
EndProject
Project("{FAE04EC0-301F-11D3-BF4B-00C04F79EFBC}") = "03.Flowers", "03.Flowers\03.Flowers.csproj", "{CD5E7455-3013-442E-A8F5-E662264ECADD}"
EndProject
Project("{FAE04EC0-301F-11D3-BF4B-00C04F79EFBC}") = "18December2016.04.Grades", "18December2016.04.Grades\18December2016.04.Grades.csproj", "{AD8908D2-E73D-40E1-9D49-9DEC22EB6100}"
EndProject
Project("{FAE04EC0-301F-11D3-BF4B-00C04F79EFBC}") = "18December2016.05.ChristmasHat", "18December2016.05.ChristmasHat\18December2016.05.ChristmasHat.csproj", "{8FFE7126-89AA-413D-9F1E-70D5633850B2}"
EndProject
Project("{FAE04EC0-301F-11D3-BF4B-00C04F79EFBC}") = "18December2016.06.LettersCombination", "18December2016.06.LettersCombination\18December2016.06.LettersCombination.csproj", "{721D2780-2AC5-4B77-BC4E-8F011F891C8B}"
EndProject
Project("{2150E333-8FDC-42A3-9474-1A3956D46DE8}") = "18 March 2017", "18 March 2017", "{A3CF3A25-EB0D-48CA-A982-359D3D2382E2}"
EndProject
Project("{FAE04EC0-301F-11D3-BF4B-00C04F79EFBC}") = "01. Dog House", "01. Dog House\01. Dog House.csproj", "{05214CEB-3FAF-4B7F-8E98-83A596DAE6CD}"
EndProject
Project("{FAE04EC0-301F-11D3-BF4B-00C04F79EFBC}") = "06 - Sum of Two Numbers", "06 - Sum of Two Numbers\06 - Sum of Two Numbers.csproj", "{439ED59B-72FC-4340-AA25-1C79551C1A0F}"
EndProject
Global
	GlobalSection(SolutionConfigurationPlatforms) = preSolution
		Debug|Any CPU = Debug|Any CPU
		Release|Any CPU = Release|Any CPU
	EndGlobalSection
	GlobalSection(ProjectConfigurationPlatforms) = postSolution
		{40B9BC39-C93D-4DC9-BA3A-D4DAE4384A54}.Debug|Any CPU.ActiveCfg = Debug|Any CPU
		{40B9BC39-C93D-4DC9-BA3A-D4DAE4384A54}.Debug|Any CPU.Build.0 = Debug|Any CPU
		{40B9BC39-C93D-4DC9-BA3A-D4DAE4384A54}.Release|Any CPU.ActiveCfg = Release|Any CPU
		{40B9BC39-C93D-4DC9-BA3A-D4DAE4384A54}.Release|Any CPU.Build.0 = Release|Any CPU
		{E2493BCA-D44D-4F86-BC37-1D0DB5717A81}.Debug|Any CPU.ActiveCfg = Debug|Any CPU
		{E2493BCA-D44D-4F86-BC37-1D0DB5717A81}.Debug|Any CPU.Build.0 = Debug|Any CPU
		{E2493BCA-D44D-4F86-BC37-1D0DB5717A81}.Release|Any CPU.ActiveCfg = Release|Any CPU
		{E2493BCA-D44D-4F86-BC37-1D0DB5717A81}.Release|Any CPU.Build.0 = Release|Any CPU
		{81AAEB54-82F8-4D25-98F5-2A85F75D901E}.Debug|Any CPU.ActiveCfg = Debug|Any CPU
		{81AAEB54-82F8-4D25-98F5-2A85F75D901E}.Debug|Any CPU.Build.0 = Debug|Any CPU
		{81AAEB54-82F8-4D25-98F5-2A85F75D901E}.Release|Any CPU.ActiveCfg = Release|Any CPU
		{81AAEB54-82F8-4D25-98F5-2A85F75D901E}.Release|Any CPU.Build.0 = Release|Any CPU
		{7383DDF8-75E7-4306-BACE-68F1E4A45059}.Debug|Any CPU.ActiveCfg = Debug|Any CPU
		{7383DDF8-75E7-4306-BACE-68F1E4A45059}.Debug|Any CPU.Build.0 = Debug|Any CPU
		{7383DDF8-75E7-4306-BACE-68F1E4A45059}.Release|Any CPU.ActiveCfg = Release|Any CPU
		{7383DDF8-75E7-4306-BACE-68F1E4A45059}.Release|Any CPU.Build.0 = Release|Any CPU
		{D0269A01-6015-461F-8008-217373BBDD9D}.Debug|Any CPU.ActiveCfg = Debug|Any CPU
		{D0269A01-6015-461F-8008-217373BBDD9D}.Debug|Any CPU.Build.0 = Debug|Any CPU
		{D0269A01-6015-461F-8008-217373BBDD9D}.Release|Any CPU.ActiveCfg = Release|Any CPU
		{D0269A01-6015-461F-8008-217373BBDD9D}.Release|Any CPU.Build.0 = Release|Any CPU
		{6837CDCA-F49C-44AE-AF3D-FCCDC5B85640}.Debug|Any CPU.ActiveCfg = Debug|Any CPU
		{6837CDCA-F49C-44AE-AF3D-FCCDC5B85640}.Debug|Any CPU.Build.0 = Debug|Any CPU
		{6837CDCA-F49C-44AE-AF3D-FCCDC5B85640}.Release|Any CPU.ActiveCfg = Release|Any CPU
		{6837CDCA-F49C-44AE-AF3D-FCCDC5B85640}.Release|Any CPU.Build.0 = Release|Any CPU
		{A264E013-B156-4667-B0E9-375162E8DD68}.Debug|Any CPU.ActiveCfg = Debug|Any CPU
		{A264E013-B156-4667-B0E9-375162E8DD68}.Debug|Any CPU.Build.0 = Debug|Any CPU
		{A264E013-B156-4667-B0E9-375162E8DD68}.Release|Any CPU.ActiveCfg = Release|Any CPU
		{A264E013-B156-4667-B0E9-375162E8DD68}.Release|Any CPU.Build.0 = Release|Any CPU
		{9204DE3A-0521-4551-9CEF-1FA28697DFBF}.Debug|Any CPU.ActiveCfg = Debug|Any CPU
		{9204DE3A-0521-4551-9CEF-1FA28697DFBF}.Debug|Any CPU.Build.0 = Debug|Any CPU
		{9204DE3A-0521-4551-9CEF-1FA28697DFBF}.Release|Any CPU.ActiveCfg = Release|Any CPU
		{9204DE3A-0521-4551-9CEF-1FA28697DFBF}.Release|Any CPU.Build.0 = Release|Any CPU
		{B79460F5-1DB2-45C3-A6DA-E12ED46FD253}.Debug|Any CPU.ActiveCfg = Debug|Any CPU
		{B79460F5-1DB2-45C3-A6DA-E12ED46FD253}.Debug|Any CPU.Build.0 = Debug|Any CPU
		{B79460F5-1DB2-45C3-A6DA-E12ED46FD253}.Release|Any CPU.ActiveCfg = Release|Any CPU
		{B79460F5-1DB2-45C3-A6DA-E12ED46FD253}.Release|Any CPU.Build.0 = Release|Any CPU
		{A336B271-064D-4C61-A10B-F880A852288D}.Debug|Any CPU.ActiveCfg = Debug|Any CPU
		{A336B271-064D-4C61-A10B-F880A852288D}.Debug|Any CPU.Build.0 = Debug|Any CPU
		{A336B271-064D-4C61-A10B-F880A852288D}.Release|Any CPU.ActiveCfg = Release|Any CPU
		{A336B271-064D-4C61-A10B-F880A852288D}.Release|Any CPU.Build.0 = Release|Any CPU
		{B8294D81-675A-43F5-BF13-A79537F648AD}.Debug|Any CPU.ActiveCfg = Debug|Any CPU
		{B8294D81-675A-43F5-BF13-A79537F648AD}.Debug|Any CPU.Build.0 = Debug|Any CPU
		{B8294D81-675A-43F5-BF13-A79537F648AD}.Release|Any CPU.ActiveCfg = Release|Any CPU
		{B8294D81-675A-43F5-BF13-A79537F648AD}.Release|Any CPU.Build.0 = Release|Any CPU
		{ED4019E9-9B84-4541-A31E-3E67780CC1B6}.Debug|Any CPU.ActiveCfg = Debug|Any CPU
		{ED4019E9-9B84-4541-A31E-3E67780CC1B6}.Debug|Any CPU.Build.0 = Debug|Any CPU
		{ED4019E9-9B84-4541-A31E-3E67780CC1B6}.Release|Any CPU.ActiveCfg = Release|Any CPU
		{ED4019E9-9B84-4541-A31E-3E67780CC1B6}.Release|Any CPU.Build.0 = Release|Any CPU
		{53878C7D-DFA6-46B3-9841-566743933480}.Debug|Any CPU.ActiveCfg = Debug|Any CPU
		{53878C7D-DFA6-46B3-9841-566743933480}.Debug|Any CPU.Build.0 = Debug|Any CPU
		{53878C7D-DFA6-46B3-9841-566743933480}.Release|Any CPU.ActiveCfg = Release|Any CPU
		{53878C7D-DFA6-46B3-9841-566743933480}.Release|Any CPU.Build.0 = Release|Any CPU
		{9D89F382-CCB4-4338-A0FB-6E4A3B6985C4}.Debug|Any CPU.ActiveCfg = Debug|Any CPU
		{9D89F382-CCB4-4338-A0FB-6E4A3B6985C4}.Debug|Any CPU.Build.0 = Debug|Any CPU
		{9D89F382-CCB4-4338-A0FB-6E4A3B6985C4}.Release|Any CPU.ActiveCfg = Release|Any CPU
		{9D89F382-CCB4-4338-A0FB-6E4A3B6985C4}.Release|Any CPU.Build.0 = Release|Any CPU
		{20DA728C-48D9-44F4-BA21-5F723160F4BB}.Debug|Any CPU.ActiveCfg = Debug|Any CPU
		{20DA728C-48D9-44F4-BA21-5F723160F4BB}.Debug|Any CPU.Build.0 = Debug|Any CPU
		{20DA728C-48D9-44F4-BA21-5F723160F4BB}.Release|Any CPU.ActiveCfg = Release|Any CPU
		{20DA728C-48D9-44F4-BA21-5F723160F4BB}.Release|Any CPU.Build.0 = Release|Any CPU
		{EE23066B-B688-4886-8F08-1032A4E9115B}.Debug|Any CPU.ActiveCfg = Debug|Any CPU
		{EE23066B-B688-4886-8F08-1032A4E9115B}.Debug|Any CPU.Build.0 = Debug|Any CPU
		{EE23066B-B688-4886-8F08-1032A4E9115B}.Release|Any CPU.ActiveCfg = Release|Any CPU
		{EE23066B-B688-4886-8F08-1032A4E9115B}.Release|Any CPU.Build.0 = Release|Any CPU
		{B770BFFF-9AA0-4CEC-B4FF-0D230D223D6D}.Debug|Any CPU.ActiveCfg = Debug|Any CPU
		{B770BFFF-9AA0-4CEC-B4FF-0D230D223D6D}.Debug|Any CPU.Build.0 = Debug|Any CPU
		{B770BFFF-9AA0-4CEC-B4FF-0D230D223D6D}.Release|Any CPU.ActiveCfg = Release|Any CPU
		{B770BFFF-9AA0-4CEC-B4FF-0D230D223D6D}.Release|Any CPU.Build.0 = Release|Any CPU
		{6BBBDA89-CA77-4B48-8564-44067EAF7966}.Debug|Any CPU.ActiveCfg = Debug|Any CPU
		{6BBBDA89-CA77-4B48-8564-44067EAF7966}.Debug|Any CPU.Build.0 = Debug|Any CPU
		{6BBBDA89-CA77-4B48-8564-44067EAF7966}.Release|Any CPU.ActiveCfg = Release|Any CPU
		{6BBBDA89-CA77-4B48-8564-44067EAF7966}.Release|Any CPU.Build.0 = Release|Any CPU
		{002D7819-B1A4-41FE-B622-EB2F3D6F96FC}.Debug|Any CPU.ActiveCfg = Debug|Any CPU
		{002D7819-B1A4-41FE-B622-EB2F3D6F96FC}.Debug|Any CPU.Build.0 = Debug|Any CPU
		{002D7819-B1A4-41FE-B622-EB2F3D6F96FC}.Release|Any CPU.ActiveCfg = Release|Any CPU
		{002D7819-B1A4-41FE-B622-EB2F3D6F96FC}.Release|Any CPU.Build.0 = Release|Any CPU
		{5C09CB90-00F5-4541-99DA-756B0795D3E5}.Debug|Any CPU.ActiveCfg = Debug|Any CPU
		{5C09CB90-00F5-4541-99DA-756B0795D3E5}.Debug|Any CPU.Build.0 = Debug|Any CPU
		{5C09CB90-00F5-4541-99DA-756B0795D3E5}.Release|Any CPU.ActiveCfg = Release|Any CPU
		{5C09CB90-00F5-4541-99DA-756B0795D3E5}.Release|Any CPU.Build.0 = Release|Any CPU
		{0F27FCBF-1898-4F93-959E-6860540D08F7}.Debug|Any CPU.ActiveCfg = Debug|Any CPU
		{0F27FCBF-1898-4F93-959E-6860540D08F7}.Debug|Any CPU.Build.0 = Debug|Any CPU
		{0F27FCBF-1898-4F93-959E-6860540D08F7}.Release|Any CPU.ActiveCfg = Release|Any CPU
		{0F27FCBF-1898-4F93-959E-6860540D08F7}.Release|Any CPU.Build.0 = Release|Any CPU
		{F0F807CD-1A04-4B20-B78F-A4A940C385FA}.Debug|Any CPU.ActiveCfg = Debug|Any CPU
		{F0F807CD-1A04-4B20-B78F-A4A940C385FA}.Debug|Any CPU.Build.0 = Debug|Any CPU
		{F0F807CD-1A04-4B20-B78F-A4A940C385FA}.Release|Any CPU.ActiveCfg = Release|Any CPU
		{F0F807CD-1A04-4B20-B78F-A4A940C385FA}.Release|Any CPU.Build.0 = Release|Any CPU
		{5F40A801-C636-446A-9154-E0D07D815683}.Debug|Any CPU.ActiveCfg = Debug|Any CPU
		{5F40A801-C636-446A-9154-E0D07D815683}.Debug|Any CPU.Build.0 = Debug|Any CPU
		{5F40A801-C636-446A-9154-E0D07D815683}.Release|Any CPU.ActiveCfg = Release|Any CPU
		{5F40A801-C636-446A-9154-E0D07D815683}.Release|Any CPU.Build.0 = Release|Any CPU
		{B4DBD8C0-1939-4971-B7DB-F3AC96F3359C}.Debug|Any CPU.ActiveCfg = Debug|Any CPU
		{B4DBD8C0-1939-4971-B7DB-F3AC96F3359C}.Debug|Any CPU.Build.0 = Debug|Any CPU
		{B4DBD8C0-1939-4971-B7DB-F3AC96F3359C}.Release|Any CPU.ActiveCfg = Release|Any CPU
		{B4DBD8C0-1939-4971-B7DB-F3AC96F3359C}.Release|Any CPU.Build.0 = Release|Any CPU
		{3D024129-57C0-4479-B53A-031B37DB0530}.Debug|Any CPU.ActiveCfg = Debug|Any CPU
		{3D024129-57C0-4479-B53A-031B37DB0530}.Debug|Any CPU.Build.0 = Debug|Any CPU
		{3D024129-57C0-4479-B53A-031B37DB0530}.Release|Any CPU.ActiveCfg = Release|Any CPU
		{3D024129-57C0-4479-B53A-031B37DB0530}.Release|Any CPU.Build.0 = Release|Any CPU
		{F02A0AE9-6FBB-4328-8297-1110499BB7BA}.Debug|Any CPU.ActiveCfg = Debug|Any CPU
		{F02A0AE9-6FBB-4328-8297-1110499BB7BA}.Debug|Any CPU.Build.0 = Debug|Any CPU
		{F02A0AE9-6FBB-4328-8297-1110499BB7BA}.Release|Any CPU.ActiveCfg = Release|Any CPU
		{F02A0AE9-6FBB-4328-8297-1110499BB7BA}.Release|Any CPU.Build.0 = Release|Any CPU
		{23894C93-B674-40A9-8BC9-EB0ACB592E25}.Debug|Any CPU.ActiveCfg = Debug|Any CPU
		{23894C93-B674-40A9-8BC9-EB0ACB592E25}.Debug|Any CPU.Build.0 = Debug|Any CPU
		{23894C93-B674-40A9-8BC9-EB0ACB592E25}.Release|Any CPU.ActiveCfg = Release|Any CPU
		{23894C93-B674-40A9-8BC9-EB0ACB592E25}.Release|Any CPU.Build.0 = Release|Any CPU
		{2C85E0BC-F64E-4AEC-9798-74431B03CB47}.Debug|Any CPU.ActiveCfg = Debug|Any CPU
		{2C85E0BC-F64E-4AEC-9798-74431B03CB47}.Debug|Any CPU.Build.0 = Debug|Any CPU
		{2C85E0BC-F64E-4AEC-9798-74431B03CB47}.Release|Any CPU.ActiveCfg = Release|Any CPU
		{2C85E0BC-F64E-4AEC-9798-74431B03CB47}.Release|Any CPU.Build.0 = Release|Any CPU
		{7C6DE5D7-94A6-4C73-A4FF-540DF3FFC3B1}.Debug|Any CPU.ActiveCfg = Debug|Any CPU
		{7C6DE5D7-94A6-4C73-A4FF-540DF3FFC3B1}.Debug|Any CPU.Build.0 = Debug|Any CPU
		{7C6DE5D7-94A6-4C73-A4FF-540DF3FFC3B1}.Release|Any CPU.ActiveCfg = Release|Any CPU
		{7C6DE5D7-94A6-4C73-A4FF-540DF3FFC3B1}.Release|Any CPU.Build.0 = Release|Any CPU
		{70A68993-98A2-4108-A885-A534A8EBA83B}.Debug|Any CPU.ActiveCfg = Debug|Any CPU
		{70A68993-98A2-4108-A885-A534A8EBA83B}.Debug|Any CPU.Build.0 = Debug|Any CPU
		{70A68993-98A2-4108-A885-A534A8EBA83B}.Release|Any CPU.ActiveCfg = Release|Any CPU
		{70A68993-98A2-4108-A885-A534A8EBA83B}.Release|Any CPU.Build.0 = Release|Any CPU
		{74CEAF1B-A69D-4F65-B99E-9A7887FD470F}.Debug|Any CPU.ActiveCfg = Debug|Any CPU
		{74CEAF1B-A69D-4F65-B99E-9A7887FD470F}.Debug|Any CPU.Build.0 = Debug|Any CPU
		{74CEAF1B-A69D-4F65-B99E-9A7887FD470F}.Release|Any CPU.ActiveCfg = Release|Any CPU
		{74CEAF1B-A69D-4F65-B99E-9A7887FD470F}.Release|Any CPU.Build.0 = Release|Any CPU
		{C39B61A2-E2D2-4D67-9CA3-1F8548CA5047}.Debug|Any CPU.ActiveCfg = Debug|Any CPU
		{C39B61A2-E2D2-4D67-9CA3-1F8548CA5047}.Debug|Any CPU.Build.0 = Debug|Any CPU
		{C39B61A2-E2D2-4D67-9CA3-1F8548CA5047}.Release|Any CPU.ActiveCfg = Release|Any CPU
		{C39B61A2-E2D2-4D67-9CA3-1F8548CA5047}.Release|Any CPU.Build.0 = Release|Any CPU
		{96495D3F-4987-46D8-BDBB-B4368337F264}.Debug|Any CPU.ActiveCfg = Debug|Any CPU
		{96495D3F-4987-46D8-BDBB-B4368337F264}.Debug|Any CPU.Build.0 = Debug|Any CPU
		{96495D3F-4987-46D8-BDBB-B4368337F264}.Release|Any CPU.ActiveCfg = Release|Any CPU
		{96495D3F-4987-46D8-BDBB-B4368337F264}.Release|Any CPU.Build.0 = Release|Any CPU
		{12F6E55B-3983-4F21-A076-904074FE4070}.Debug|Any CPU.ActiveCfg = Debug|Any CPU
		{12F6E55B-3983-4F21-A076-904074FE4070}.Debug|Any CPU.Build.0 = Debug|Any CPU
		{12F6E55B-3983-4F21-A076-904074FE4070}.Release|Any CPU.ActiveCfg = Release|Any CPU
		{12F6E55B-3983-4F21-A076-904074FE4070}.Release|Any CPU.Build.0 = Release|Any CPU
		{66297B8E-0339-4CF3-8074-D357322E3F63}.Debug|Any CPU.ActiveCfg = Debug|Any CPU
		{66297B8E-0339-4CF3-8074-D357322E3F63}.Debug|Any CPU.Build.0 = Debug|Any CPU
		{66297B8E-0339-4CF3-8074-D357322E3F63}.Release|Any CPU.ActiveCfg = Release|Any CPU
		{66297B8E-0339-4CF3-8074-D357322E3F63}.Release|Any CPU.Build.0 = Release|Any CPU
		{35D85CEF-181C-4C56-80A3-585824A8E367}.Debug|Any CPU.ActiveCfg = Debug|Any CPU
		{35D85CEF-181C-4C56-80A3-585824A8E367}.Debug|Any CPU.Build.0 = Debug|Any CPU
		{35D85CEF-181C-4C56-80A3-585824A8E367}.Release|Any CPU.ActiveCfg = Release|Any CPU
		{35D85CEF-181C-4C56-80A3-585824A8E367}.Release|Any CPU.Build.0 = Release|Any CPU
		{C604A0C1-0686-4450-A064-058EEA575398}.Debug|Any CPU.ActiveCfg = Debug|Any CPU
		{C604A0C1-0686-4450-A064-058EEA575398}.Debug|Any CPU.Build.0 = Debug|Any CPU
		{C604A0C1-0686-4450-A064-058EEA575398}.Release|Any CPU.ActiveCfg = Release|Any CPU
		{C604A0C1-0686-4450-A064-058EEA575398}.Release|Any CPU.Build.0 = Release|Any CPU
		{BF481D23-6E50-435C-BD2F-D261E73D95DD}.Debug|Any CPU.ActiveCfg = Debug|Any CPU
		{BF481D23-6E50-435C-BD2F-D261E73D95DD}.Debug|Any CPU.Build.0 = Debug|Any CPU
		{BF481D23-6E50-435C-BD2F-D261E73D95DD}.Release|Any CPU.ActiveCfg = Release|Any CPU
		{BF481D23-6E50-435C-BD2F-D261E73D95DD}.Release|Any CPU.Build.0 = Release|Any CPU
		{0F80B93C-D3C6-41BF-80BB-94F5791C9D48}.Debug|Any CPU.ActiveCfg = Debug|Any CPU
		{0F80B93C-D3C6-41BF-80BB-94F5791C9D48}.Debug|Any CPU.Build.0 = Debug|Any CPU
		{0F80B93C-D3C6-41BF-80BB-94F5791C9D48}.Release|Any CPU.ActiveCfg = Release|Any CPU
		{0F80B93C-D3C6-41BF-80BB-94F5791C9D48}.Release|Any CPU.Build.0 = Release|Any CPU
		{E404FAD0-3F2A-4307-A0BD-455378485364}.Debug|Any CPU.ActiveCfg = Debug|Any CPU
		{E404FAD0-3F2A-4307-A0BD-455378485364}.Debug|Any CPU.Build.0 = Debug|Any CPU
		{E404FAD0-3F2A-4307-A0BD-455378485364}.Release|Any CPU.ActiveCfg = Release|Any CPU
		{E404FAD0-3F2A-4307-A0BD-455378485364}.Release|Any CPU.Build.0 = Release|Any CPU
		{08C8819F-C3C6-44EF-919B-852F06CE9DAF}.Debug|Any CPU.ActiveCfg = Debug|Any CPU
		{08C8819F-C3C6-44EF-919B-852F06CE9DAF}.Debug|Any CPU.Build.0 = Debug|Any CPU
		{08C8819F-C3C6-44EF-919B-852F06CE9DAF}.Release|Any CPU.ActiveCfg = Release|Any CPU
		{08C8819F-C3C6-44EF-919B-852F06CE9DAF}.Release|Any CPU.Build.0 = Release|Any CPU
		{2A43A16E-2061-43B9-BE76-1DDDB7B4E1C8}.Debug|Any CPU.ActiveCfg = Debug|Any CPU
		{2A43A16E-2061-43B9-BE76-1DDDB7B4E1C8}.Debug|Any CPU.Build.0 = Debug|Any CPU
		{2A43A16E-2061-43B9-BE76-1DDDB7B4E1C8}.Release|Any CPU.ActiveCfg = Release|Any CPU
		{2A43A16E-2061-43B9-BE76-1DDDB7B4E1C8}.Release|Any CPU.Build.0 = Release|Any CPU
		{F0C5CBCA-6891-425C-A41B-177665A610F6}.Debug|Any CPU.ActiveCfg = Debug|Any CPU
		{F0C5CBCA-6891-425C-A41B-177665A610F6}.Debug|Any CPU.Build.0 = Debug|Any CPU
		{F0C5CBCA-6891-425C-A41B-177665A610F6}.Release|Any CPU.ActiveCfg = Release|Any CPU
		{F0C5CBCA-6891-425C-A41B-177665A610F6}.Release|Any CPU.Build.0 = Release|Any CPU
		{D0D403A1-92A4-4566-8B4A-907C2A08A74C}.Debug|Any CPU.ActiveCfg = Debug|Any CPU
		{D0D403A1-92A4-4566-8B4A-907C2A08A74C}.Debug|Any CPU.Build.0 = Debug|Any CPU
		{D0D403A1-92A4-4566-8B4A-907C2A08A74C}.Release|Any CPU.ActiveCfg = Release|Any CPU
		{D0D403A1-92A4-4566-8B4A-907C2A08A74C}.Release|Any CPU.Build.0 = Release|Any CPU
		{34C3D0F7-B47A-4597-BF00-D63B85B776C7}.Debug|Any CPU.ActiveCfg = Debug|Any CPU
		{34C3D0F7-B47A-4597-BF00-D63B85B776C7}.Debug|Any CPU.Build.0 = Debug|Any CPU
		{34C3D0F7-B47A-4597-BF00-D63B85B776C7}.Release|Any CPU.ActiveCfg = Release|Any CPU
		{34C3D0F7-B47A-4597-BF00-D63B85B776C7}.Release|Any CPU.Build.0 = Release|Any CPU
		{F5CCCD42-8E4C-4960-BE1D-4CAE01FDFBCA}.Debug|Any CPU.ActiveCfg = Debug|Any CPU
		{F5CCCD42-8E4C-4960-BE1D-4CAE01FDFBCA}.Debug|Any CPU.Build.0 = Debug|Any CPU
		{F5CCCD42-8E4C-4960-BE1D-4CAE01FDFBCA}.Release|Any CPU.ActiveCfg = Release|Any CPU
		{F5CCCD42-8E4C-4960-BE1D-4CAE01FDFBCA}.Release|Any CPU.Build.0 = Release|Any CPU
		{9561C853-3C09-453A-A9FC-97358373A9AA}.Debug|Any CPU.ActiveCfg = Debug|Any CPU
		{9561C853-3C09-453A-A9FC-97358373A9AA}.Debug|Any CPU.Build.0 = Debug|Any CPU
		{9561C853-3C09-453A-A9FC-97358373A9AA}.Release|Any CPU.ActiveCfg = Release|Any CPU
		{9561C853-3C09-453A-A9FC-97358373A9AA}.Release|Any CPU.Build.0 = Release|Any CPU
		{10353BFF-9D14-4FC6-919C-8652E05673C2}.Debug|Any CPU.ActiveCfg = Debug|Any CPU
		{10353BFF-9D14-4FC6-919C-8652E05673C2}.Debug|Any CPU.Build.0 = Debug|Any CPU
		{10353BFF-9D14-4FC6-919C-8652E05673C2}.Release|Any CPU.ActiveCfg = Release|Any CPU
		{10353BFF-9D14-4FC6-919C-8652E05673C2}.Release|Any CPU.Build.0 = Release|Any CPU
		{490607A7-BA29-4C10-BC13-841D179A9692}.Debug|Any CPU.ActiveCfg = Debug|Any CPU
		{490607A7-BA29-4C10-BC13-841D179A9692}.Debug|Any CPU.Build.0 = Debug|Any CPU
		{490607A7-BA29-4C10-BC13-841D179A9692}.Release|Any CPU.ActiveCfg = Release|Any CPU
		{490607A7-BA29-4C10-BC13-841D179A9692}.Release|Any CPU.Build.0 = Release|Any CPU
		{E6C805FF-706A-401E-B86A-4425D89296CE}.Debug|Any CPU.ActiveCfg = Debug|Any CPU
		{E6C805FF-706A-401E-B86A-4425D89296CE}.Debug|Any CPU.Build.0 = Debug|Any CPU
		{E6C805FF-706A-401E-B86A-4425D89296CE}.Release|Any CPU.ActiveCfg = Release|Any CPU
		{E6C805FF-706A-401E-B86A-4425D89296CE}.Release|Any CPU.Build.0 = Release|Any CPU
		{E970909E-3F61-4636-A325-AF202650E4FC}.Debug|Any CPU.ActiveCfg = Debug|Any CPU
		{E970909E-3F61-4636-A325-AF202650E4FC}.Debug|Any CPU.Build.0 = Debug|Any CPU
		{E970909E-3F61-4636-A325-AF202650E4FC}.Release|Any CPU.ActiveCfg = Release|Any CPU
		{E970909E-3F61-4636-A325-AF202650E4FC}.Release|Any CPU.Build.0 = Release|Any CPU
		{3240D9B5-359F-459A-958F-66849987C021}.Debug|Any CPU.ActiveCfg = Debug|Any CPU
		{3240D9B5-359F-459A-958F-66849987C021}.Debug|Any CPU.Build.0 = Debug|Any CPU
		{3240D9B5-359F-459A-958F-66849987C021}.Release|Any CPU.ActiveCfg = Release|Any CPU
		{3240D9B5-359F-459A-958F-66849987C021}.Release|Any CPU.Build.0 = Release|Any CPU
		{A2C294CF-06B4-405F-8532-FE5B8918ADFB}.Debug|Any CPU.ActiveCfg = Debug|Any CPU
		{A2C294CF-06B4-405F-8532-FE5B8918ADFB}.Debug|Any CPU.Build.0 = Debug|Any CPU
		{A2C294CF-06B4-405F-8532-FE5B8918ADFB}.Release|Any CPU.ActiveCfg = Release|Any CPU
		{A2C294CF-06B4-405F-8532-FE5B8918ADFB}.Release|Any CPU.Build.0 = Release|Any CPU
		{C587C1AC-CA8F-4067-B3D9-4492A6B7845F}.Debug|Any CPU.ActiveCfg = Debug|Any CPU
		{C587C1AC-CA8F-4067-B3D9-4492A6B7845F}.Debug|Any CPU.Build.0 = Debug|Any CPU
		{C587C1AC-CA8F-4067-B3D9-4492A6B7845F}.Release|Any CPU.ActiveCfg = Release|Any CPU
		{C587C1AC-CA8F-4067-B3D9-4492A6B7845F}.Release|Any CPU.Build.0 = Release|Any CPU
		{CC730473-C263-43A2-B680-47F5F8DAFB4B}.Debug|Any CPU.ActiveCfg = Debug|Any CPU
		{CC730473-C263-43A2-B680-47F5F8DAFB4B}.Debug|Any CPU.Build.0 = Debug|Any CPU
		{CC730473-C263-43A2-B680-47F5F8DAFB4B}.Release|Any CPU.ActiveCfg = Release|Any CPU
		{CC730473-C263-43A2-B680-47F5F8DAFB4B}.Release|Any CPU.Build.0 = Release|Any CPU
		{93D02ABB-FC6B-4C78-8FED-760FDACE1598}.Debug|Any CPU.ActiveCfg = Debug|Any CPU
		{93D02ABB-FC6B-4C78-8FED-760FDACE1598}.Debug|Any CPU.Build.0 = Debug|Any CPU
		{93D02ABB-FC6B-4C78-8FED-760FDACE1598}.Release|Any CPU.ActiveCfg = Release|Any CPU
		{93D02ABB-FC6B-4C78-8FED-760FDACE1598}.Release|Any CPU.Build.0 = Release|Any CPU
		{B96DA110-15C7-4DE0-BFC9-FCEF347D2ABE}.Debug|Any CPU.ActiveCfg = Debug|Any CPU
		{B96DA110-15C7-4DE0-BFC9-FCEF347D2ABE}.Debug|Any CPU.Build.0 = Debug|Any CPU
		{B96DA110-15C7-4DE0-BFC9-FCEF347D2ABE}.Release|Any CPU.ActiveCfg = Release|Any CPU
		{B96DA110-15C7-4DE0-BFC9-FCEF347D2ABE}.Release|Any CPU.Build.0 = Release|Any CPU
		{69E2173C-7395-4E54-B84D-D0A8E9265A56}.Debug|Any CPU.ActiveCfg = Debug|Any CPU
		{69E2173C-7395-4E54-B84D-D0A8E9265A56}.Debug|Any CPU.Build.0 = Debug|Any CPU
		{69E2173C-7395-4E54-B84D-D0A8E9265A56}.Release|Any CPU.ActiveCfg = Release|Any CPU
		{69E2173C-7395-4E54-B84D-D0A8E9265A56}.Release|Any CPU.Build.0 = Release|Any CPU
		{890A7085-3994-432B-92B0-844FF6535EF6}.Debug|Any CPU.ActiveCfg = Debug|Any CPU
		{890A7085-3994-432B-92B0-844FF6535EF6}.Debug|Any CPU.Build.0 = Debug|Any CPU
		{890A7085-3994-432B-92B0-844FF6535EF6}.Release|Any CPU.ActiveCfg = Release|Any CPU
		{890A7085-3994-432B-92B0-844FF6535EF6}.Release|Any CPU.Build.0 = Release|Any CPU
		{910B0A15-7A9B-4364-8572-B722564BF792}.Debug|Any CPU.ActiveCfg = Debug|Any CPU
		{910B0A15-7A9B-4364-8572-B722564BF792}.Debug|Any CPU.Build.0 = Debug|Any CPU
		{910B0A15-7A9B-4364-8572-B722564BF792}.Release|Any CPU.ActiveCfg = Release|Any CPU
		{910B0A15-7A9B-4364-8572-B722564BF792}.Release|Any CPU.Build.0 = Release|Any CPU
		{5DE70962-94F8-4CA8-A3CC-38E64E0CB148}.Debug|Any CPU.ActiveCfg = Debug|Any CPU
		{5DE70962-94F8-4CA8-A3CC-38E64E0CB148}.Debug|Any CPU.Build.0 = Debug|Any CPU
		{5DE70962-94F8-4CA8-A3CC-38E64E0CB148}.Release|Any CPU.ActiveCfg = Release|Any CPU
		{5DE70962-94F8-4CA8-A3CC-38E64E0CB148}.Release|Any CPU.Build.0 = Release|Any CPU
		{2DF097A7-9AC2-4312-8B37-B4A9272605FD}.Debug|Any CPU.ActiveCfg = Debug|Any CPU
		{2DF097A7-9AC2-4312-8B37-B4A9272605FD}.Debug|Any CPU.Build.0 = Debug|Any CPU
		{2DF097A7-9AC2-4312-8B37-B4A9272605FD}.Release|Any CPU.ActiveCfg = Release|Any CPU
		{2DF097A7-9AC2-4312-8B37-B4A9272605FD}.Release|Any CPU.Build.0 = Release|Any CPU
		{2E090295-F2CE-4012-B718-E213DA7B40CC}.Debug|Any CPU.ActiveCfg = Debug|Any CPU
		{2E090295-F2CE-4012-B718-E213DA7B40CC}.Debug|Any CPU.Build.0 = Debug|Any CPU
		{2E090295-F2CE-4012-B718-E213DA7B40CC}.Release|Any CPU.ActiveCfg = Release|Any CPU
		{2E090295-F2CE-4012-B718-E213DA7B40CC}.Release|Any CPU.Build.0 = Release|Any CPU
		{46AF9D0A-C95D-4C4C-B7B5-33BFD79A0EA3}.Debug|Any CPU.ActiveCfg = Debug|Any CPU
		{46AF9D0A-C95D-4C4C-B7B5-33BFD79A0EA3}.Debug|Any CPU.Build.0 = Debug|Any CPU
		{46AF9D0A-C95D-4C4C-B7B5-33BFD79A0EA3}.Release|Any CPU.ActiveCfg = Release|Any CPU
		{46AF9D0A-C95D-4C4C-B7B5-33BFD79A0EA3}.Release|Any CPU.Build.0 = Release|Any CPU
		{CCD580E8-1893-4071-8F05-8873C4BA02A9}.Debug|Any CPU.ActiveCfg = Debug|Any CPU
		{CCD580E8-1893-4071-8F05-8873C4BA02A9}.Debug|Any CPU.Build.0 = Debug|Any CPU
		{CCD580E8-1893-4071-8F05-8873C4BA02A9}.Release|Any CPU.ActiveCfg = Release|Any CPU
		{CCD580E8-1893-4071-8F05-8873C4BA02A9}.Release|Any CPU.Build.0 = Release|Any CPU
		{D8D21DAF-10D9-4C1F-B8C6-8F3E95AE2B37}.Debug|Any CPU.ActiveCfg = Debug|Any CPU
		{D8D21DAF-10D9-4C1F-B8C6-8F3E95AE2B37}.Debug|Any CPU.Build.0 = Debug|Any CPU
		{D8D21DAF-10D9-4C1F-B8C6-8F3E95AE2B37}.Release|Any CPU.ActiveCfg = Release|Any CPU
		{D8D21DAF-10D9-4C1F-B8C6-8F3E95AE2B37}.Release|Any CPU.Build.0 = Release|Any CPU
		{B2AC00AD-1350-47BA-8BF1-6366749C9706}.Debug|Any CPU.ActiveCfg = Debug|Any CPU
		{B2AC00AD-1350-47BA-8BF1-6366749C9706}.Debug|Any CPU.Build.0 = Debug|Any CPU
		{B2AC00AD-1350-47BA-8BF1-6366749C9706}.Release|Any CPU.ActiveCfg = Release|Any CPU
		{B2AC00AD-1350-47BA-8BF1-6366749C9706}.Release|Any CPU.Build.0 = Release|Any CPU
		{E2B914EC-76B9-4895-85C9-6C1AD70C4C5A}.Debug|Any CPU.ActiveCfg = Debug|Any CPU
		{E2B914EC-76B9-4895-85C9-6C1AD70C4C5A}.Debug|Any CPU.Build.0 = Debug|Any CPU
		{E2B914EC-76B9-4895-85C9-6C1AD70C4C5A}.Release|Any CPU.ActiveCfg = Release|Any CPU
		{E2B914EC-76B9-4895-85C9-6C1AD70C4C5A}.Release|Any CPU.Build.0 = Release|Any CPU
		{BF8ED6E4-E50F-4BBC-B17F-37E2AB0037E1}.Debug|Any CPU.ActiveCfg = Debug|Any CPU
		{BF8ED6E4-E50F-4BBC-B17F-37E2AB0037E1}.Debug|Any CPU.Build.0 = Debug|Any CPU
		{BF8ED6E4-E50F-4BBC-B17F-37E2AB0037E1}.Release|Any CPU.ActiveCfg = Release|Any CPU
		{BF8ED6E4-E50F-4BBC-B17F-37E2AB0037E1}.Release|Any CPU.Build.0 = Release|Any CPU
		{B89D2B83-47E8-4010-BC2D-F9D0F2D73722}.Debug|Any CPU.ActiveCfg = Debug|Any CPU
		{B89D2B83-47E8-4010-BC2D-F9D0F2D73722}.Debug|Any CPU.Build.0 = Debug|Any CPU
		{B89D2B83-47E8-4010-BC2D-F9D0F2D73722}.Release|Any CPU.ActiveCfg = Release|Any CPU
		{B89D2B83-47E8-4010-BC2D-F9D0F2D73722}.Release|Any CPU.Build.0 = Release|Any CPU
		{50BC8548-7349-4BF4-ACA6-57A1985AB477}.Debug|Any CPU.ActiveCfg = Debug|Any CPU
		{50BC8548-7349-4BF4-ACA6-57A1985AB477}.Debug|Any CPU.Build.0 = Debug|Any CPU
		{50BC8548-7349-4BF4-ACA6-57A1985AB477}.Release|Any CPU.ActiveCfg = Release|Any CPU
		{50BC8548-7349-4BF4-ACA6-57A1985AB477}.Release|Any CPU.Build.0 = Release|Any CPU
		{CD5E7455-3013-442E-A8F5-E662264ECADD}.Debug|Any CPU.ActiveCfg = Debug|Any CPU
		{CD5E7455-3013-442E-A8F5-E662264ECADD}.Debug|Any CPU.Build.0 = Debug|Any CPU
		{CD5E7455-3013-442E-A8F5-E662264ECADD}.Release|Any CPU.ActiveCfg = Release|Any CPU
		{CD5E7455-3013-442E-A8F5-E662264ECADD}.Release|Any CPU.Build.0 = Release|Any CPU
		{AD8908D2-E73D-40E1-9D49-9DEC22EB6100}.Debug|Any CPU.ActiveCfg = Debug|Any CPU
		{AD8908D2-E73D-40E1-9D49-9DEC22EB6100}.Debug|Any CPU.Build.0 = Debug|Any CPU
		{AD8908D2-E73D-40E1-9D49-9DEC22EB6100}.Release|Any CPU.ActiveCfg = Release|Any CPU
		{AD8908D2-E73D-40E1-9D49-9DEC22EB6100}.Release|Any CPU.Build.0 = Release|Any CPU
		{8FFE7126-89AA-413D-9F1E-70D5633850B2}.Debug|Any CPU.ActiveCfg = Debug|Any CPU
		{8FFE7126-89AA-413D-9F1E-70D5633850B2}.Debug|Any CPU.Build.0 = Debug|Any CPU
		{8FFE7126-89AA-413D-9F1E-70D5633850B2}.Release|Any CPU.ActiveCfg = Release|Any CPU
		{8FFE7126-89AA-413D-9F1E-70D5633850B2}.Release|Any CPU.Build.0 = Release|Any CPU
		{721D2780-2AC5-4B77-BC4E-8F011F891C8B}.Debug|Any CPU.ActiveCfg = Debug|Any CPU
		{721D2780-2AC5-4B77-BC4E-8F011F891C8B}.Debug|Any CPU.Build.0 = Debug|Any CPU
		{721D2780-2AC5-4B77-BC4E-8F011F891C8B}.Release|Any CPU.ActiveCfg = Release|Any CPU
		{721D2780-2AC5-4B77-BC4E-8F011F891C8B}.Release|Any CPU.Build.0 = Release|Any CPU
		{05214CEB-3FAF-4B7F-8E98-83A596DAE6CD}.Debug|Any CPU.ActiveCfg = Debug|Any CPU
		{05214CEB-3FAF-4B7F-8E98-83A596DAE6CD}.Debug|Any CPU.Build.0 = Debug|Any CPU
		{05214CEB-3FAF-4B7F-8E98-83A596DAE6CD}.Release|Any CPU.ActiveCfg = Release|Any CPU
		{05214CEB-3FAF-4B7F-8E98-83A596DAE6CD}.Release|Any CPU.Build.0 = Release|Any CPU
		{439ED59B-72FC-4340-AA25-1C79551C1A0F}.Debug|Any CPU.ActiveCfg = Debug|Any CPU
		{439ED59B-72FC-4340-AA25-1C79551C1A0F}.Debug|Any CPU.Build.0 = Debug|Any CPU
		{439ED59B-72FC-4340-AA25-1C79551C1A0F}.Release|Any CPU.ActiveCfg = Release|Any CPU
		{439ED59B-72FC-4340-AA25-1C79551C1A0F}.Release|Any CPU.Build.0 = Release|Any CPU
	EndGlobalSection
	GlobalSection(SolutionProperties) = preSolution
		HideSolutionNode = FALSE
	EndGlobalSection
	GlobalSection(NestedProjects) = preSolution
		{40B9BC39-C93D-4DC9-BA3A-D4DAE4384A54} = {9640BC78-192B-4A95-BC13-DD81A827DF25}
		{E2493BCA-D44D-4F86-BC37-1D0DB5717A81} = {9640BC78-192B-4A95-BC13-DD81A827DF25}
		{81AAEB54-82F8-4D25-98F5-2A85F75D901E} = {9640BC78-192B-4A95-BC13-DD81A827DF25}
		{7383DDF8-75E7-4306-BACE-68F1E4A45059} = {9640BC78-192B-4A95-BC13-DD81A827DF25}
		{D0269A01-6015-461F-8008-217373BBDD9D} = {FB09FFFE-BA7C-44DC-B1E0-808684E4D2D5}
		{6837CDCA-F49C-44AE-AF3D-FCCDC5B85640} = {0E97E920-C2CA-47D3-9396-44F951E1150A}
		{A264E013-B156-4667-B0E9-375162E8DD68} = {E7B2BD59-A75C-4F3E-AA95-B58A6DE10D0F}
		{9204DE3A-0521-4551-9CEF-1FA28697DFBF} = {E7B2BD59-A75C-4F3E-AA95-B58A6DE10D0F}
		{B79460F5-1DB2-45C3-A6DA-E12ED46FD253} = {E7B2BD59-A75C-4F3E-AA95-B58A6DE10D0F}
		{A336B271-064D-4C61-A10B-F880A852288D} = {E7B2BD59-A75C-4F3E-AA95-B58A6DE10D0F}
		{B8294D81-675A-43F5-BF13-A79537F648AD} = {E7B2BD59-A75C-4F3E-AA95-B58A6DE10D0F}
		{ED4019E9-9B84-4541-A31E-3E67780CC1B6} = {E7B2BD59-A75C-4F3E-AA95-B58A6DE10D0F}
		{53878C7D-DFA6-46B3-9841-566743933480} = {E7B2BD59-A75C-4F3E-AA95-B58A6DE10D0F}
		{9D89F382-CCB4-4338-A0FB-6E4A3B6985C4} = {4F8074AA-DBB6-4EC6-B665-5E2020F90127}
		{20DA728C-48D9-44F4-BA21-5F723160F4BB} = {4F8074AA-DBB6-4EC6-B665-5E2020F90127}
		{EE23066B-B688-4886-8F08-1032A4E9115B} = {4F8074AA-DBB6-4EC6-B665-5E2020F90127}
		{B770BFFF-9AA0-4CEC-B4FF-0D230D223D6D} = {4F8074AA-DBB6-4EC6-B665-5E2020F90127}
		{6BBBDA89-CA77-4B48-8564-44067EAF7966} = {4F8074AA-DBB6-4EC6-B665-5E2020F90127}
		{002D7819-B1A4-41FE-B622-EB2F3D6F96FC} = {4F8074AA-DBB6-4EC6-B665-5E2020F90127}
		{5C09CB90-00F5-4541-99DA-756B0795D3E5} = {9640BC78-192B-4A95-BC13-DD81A827DF25}
		{0F27FCBF-1898-4F93-959E-6860540D08F7} = {9640BC78-192B-4A95-BC13-DD81A827DF25}
		{F0F807CD-1A04-4B20-B78F-A4A940C385FA} = {0E97E920-C2CA-47D3-9396-44F951E1150A}
		{5F40A801-C636-446A-9154-E0D07D815683} = {0E97E920-C2CA-47D3-9396-44F951E1150A}
		{B4DBD8C0-1939-4971-B7DB-F3AC96F3359C} = {0E97E920-C2CA-47D3-9396-44F951E1150A}
		{3D024129-57C0-4479-B53A-031B37DB0530} = {0E97E920-C2CA-47D3-9396-44F951E1150A}
		{F02A0AE9-6FBB-4328-8297-1110499BB7BA} = {0E97E920-C2CA-47D3-9396-44F951E1150A}
		{2C85E0BC-F64E-4AEC-9798-74431B03CB47} = {FB09FFFE-BA7C-44DC-B1E0-808684E4D2D5}
		{7C6DE5D7-94A6-4C73-A4FF-540DF3FFC3B1} = {FB09FFFE-BA7C-44DC-B1E0-808684E4D2D5}
		{70A68993-98A2-4108-A885-A534A8EBA83B} = {FB09FFFE-BA7C-44DC-B1E0-808684E4D2D5}
		{74CEAF1B-A69D-4F65-B99E-9A7887FD470F} = {FB09FFFE-BA7C-44DC-B1E0-808684E4D2D5}
		{C39B61A2-E2D2-4D67-9CA3-1F8548CA5047} = {FB09FFFE-BA7C-44DC-B1E0-808684E4D2D5}
		{96495D3F-4987-46D8-BDBB-B4368337F264} = {8CF3C9EA-2D32-4A39-8696-BBE9613B7D94}
		{12F6E55B-3983-4F21-A076-904074FE4070} = {8CF3C9EA-2D32-4A39-8696-BBE9613B7D94}
		{66297B8E-0339-4CF3-8074-D357322E3F63} = {8CF3C9EA-2D32-4A39-8696-BBE9613B7D94}
		{35D85CEF-181C-4C56-80A3-585824A8E367} = {8CF3C9EA-2D32-4A39-8696-BBE9613B7D94}
		{C604A0C1-0686-4450-A064-058EEA575398} = {8CF3C9EA-2D32-4A39-8696-BBE9613B7D94}
		{BF481D23-6E50-435C-BD2F-D261E73D95DD} = {8CF3C9EA-2D32-4A39-8696-BBE9613B7D94}
		{0F80B93C-D3C6-41BF-80BB-94F5791C9D48} = {8CF3C9EA-2D32-4A39-8696-BBE9613B7D94}
		{E404FAD0-3F2A-4307-A0BD-455378485364} = {8CF3C9EA-2D32-4A39-8696-BBE9613B7D94}
		{08C8819F-C3C6-44EF-919B-852F06CE9DAF} = {8CF3C9EA-2D32-4A39-8696-BBE9613B7D94}
		{2A43A16E-2061-43B9-BE76-1DDDB7B4E1C8} = {8CF3C9EA-2D32-4A39-8696-BBE9613B7D94}
		{F0C5CBCA-6891-425C-A41B-177665A610F6} = {8CF3C9EA-2D32-4A39-8696-BBE9613B7D94}
		{D0D403A1-92A4-4566-8B4A-907C2A08A74C} = {8CF3C9EA-2D32-4A39-8696-BBE9613B7D94}
		{34C3D0F7-B47A-4597-BF00-D63B85B776C7} = {8CF3C9EA-2D32-4A39-8696-BBE9613B7D94}
		{F5CCCD42-8E4C-4960-BE1D-4CAE01FDFBCA} = {2D5EC5AF-DBED-4876-AD83-90BE2EB30780}
		{9561C853-3C09-453A-A9FC-97358373A9AA} = {2D5EC5AF-DBED-4876-AD83-90BE2EB30780}
		{10353BFF-9D14-4FC6-919C-8652E05673C2} = {4859EDD2-4DF5-49AF-A43A-71BF6B7CB7DC}
		{490607A7-BA29-4C10-BC13-841D179A9692} = {2D5EC5AF-DBED-4876-AD83-90BE2EB30780}
		{E6C805FF-706A-401E-B86A-4425D89296CE} = {4859EDD2-4DF5-49AF-A43A-71BF6B7CB7DC}
		{E970909E-3F61-4636-A325-AF202650E4FC} = {4859EDD2-4DF5-49AF-A43A-71BF6B7CB7DC}
		{3240D9B5-359F-459A-958F-66849987C021} = {4859EDD2-4DF5-49AF-A43A-71BF6B7CB7DC}
		{A2C294CF-06B4-405F-8532-FE5B8918ADFB} = {89B78895-F948-4587-91D6-8C9632E4DDD6}
		{C587C1AC-CA8F-4067-B3D9-4492A6B7845F} = {89B78895-F948-4587-91D6-8C9632E4DDD6}
		{CC730473-C263-43A2-B680-47F5F8DAFB4B} = {89B78895-F948-4587-91D6-8C9632E4DDD6}
		{93D02ABB-FC6B-4C78-8FED-760FDACE1598} = {2D5EC5AF-DBED-4876-AD83-90BE2EB30780}
		{B96DA110-15C7-4DE0-BFC9-FCEF347D2ABE} = {8CF3C9EA-2D32-4A39-8696-BBE9613B7D94}
		{69E2173C-7395-4E54-B84D-D0A8E9265A56} = {BA4EF7E2-8B92-4BBB-9980-1A291249BAF3}
		{890A7085-3994-432B-92B0-844FF6535EF6} = {BA4EF7E2-8B92-4BBB-9980-1A291249BAF3}
		{910B0A15-7A9B-4364-8572-B722564BF792} = {BA4EF7E2-8B92-4BBB-9980-1A291249BAF3}
		{5DE70962-94F8-4CA8-A3CC-38E64E0CB148} = {BA4EF7E2-8B92-4BBB-9980-1A291249BAF3}
		{2DF097A7-9AC2-4312-8B37-B4A9272605FD} = {BA4EF7E2-8B92-4BBB-9980-1A291249BAF3}
		{2E090295-F2CE-4012-B718-E213DA7B40CC} = {BA4EF7E2-8B92-4BBB-9980-1A291249BAF3}
		{46AF9D0A-C95D-4C4C-B7B5-33BFD79A0EA3} = {26D05592-3245-4B60-8D6D-846BD5FFB368}
		{CCD580E8-1893-4071-8F05-8873C4BA02A9} = {26D05592-3245-4B60-8D6D-846BD5FFB368}
		{D8D21DAF-10D9-4C1F-B8C6-8F3E95AE2B37} = {26D05592-3245-4B60-8D6D-846BD5FFB368}
		{B2AC00AD-1350-47BA-8BF1-6366749C9706} = {26D05592-3245-4B60-8D6D-846BD5FFB368}
		{E2B914EC-76B9-4895-85C9-6C1AD70C4C5A} = {26D05592-3245-4B60-8D6D-846BD5FFB368}
		{BF8ED6E4-E50F-4BBC-B17F-37E2AB0037E1} = {26D05592-3245-4B60-8D6D-846BD5FFB368}
		{B89D2B83-47E8-4010-BC2D-F9D0F2D73722} = {A1E9B7AE-5848-4E52-8A7E-B48492E6BA9C}
		{50BC8548-7349-4BF4-ACA6-57A1985AB477} = {A1E9B7AE-5848-4E52-8A7E-B48492E6BA9C}
		{CD5E7455-3013-442E-A8F5-E662264ECADD} = {A1E9B7AE-5848-4E52-8A7E-B48492E6BA9C}
		{AD8908D2-E73D-40E1-9D49-9DEC22EB6100} = {A1E9B7AE-5848-4E52-8A7E-B48492E6BA9C}
		{8FFE7126-89AA-413D-9F1E-70D5633850B2} = {A1E9B7AE-5848-4E52-8A7E-B48492E6BA9C}
		{721D2780-2AC5-4B77-BC4E-8F011F891C8B} = {A1E9B7AE-5848-4E52-8A7E-B48492E6BA9C}
		{05214CEB-3FAF-4B7F-8E98-83A596DAE6CD} = {A3CF3A25-EB0D-48CA-A982-359D3D2382E2}
		{439ED59B-72FC-4340-AA25-1C79551C1A0F} = {A3CF3A25-EB0D-48CA-A982-359D3D2382E2}
	EndGlobalSection
EndGlobal
