
Microsoft Visual Studio Solution File, Format Version 12.00
# Visual Studio 14
VisualStudioVersion = 14.0.25420.1
MinimumVisualStudioVersion = 10.0.40219.1
Project("{FAE04EC0-301F-11D3-BF4B-00C04F79EFBC}") = "01. Average Student Grades", "01. Average Student Grades\01. Average Student Grades.csproj", "{D1EFC691-4216-4E30-8AD1-091FF61D52ED}"
EndProject
Project("{FAE04EC0-301F-11D3-BF4B-00C04F79EFBC}") = "02. Cities by Continent and Country", "02. Cities by Continent and Country\02. Cities by Continent and Country.csproj", "{8430EF99-0530-48B6-B1A8-157A0FAABF25}"
EndProject
Global
	GlobalSection(SolutionConfigurationPlatforms) = preSolution
		Debug|Any CPU = Debug|Any CPU
		Release|Any CPU = Release|Any CPU
	EndGlobalSection
	GlobalSection(ProjectConfigurationPlatforms) = postSolution
		{D1EFC691-4216-4E30-8AD1-091FF61D52ED}.Debug|Any CPU.ActiveCfg = Debug|Any CPU
		{D1EFC691-4216-4E30-8AD1-091FF61D52ED}.Debug|Any CPU.Build.0 = Debug|Any CPU
		{D1EFC691-4216-4E30-8AD1-091FF61D52ED}.Release|Any CPU.ActiveCfg = Release|Any CPU
		{D1EFC691-4216-4E30-8AD1-091FF61D52ED}.Release|Any CPU.Build.0 = Release|Any CPU
		{8430EF99-0530-48B6-B1A8-157A0FAABF25}.Debug|Any CPU.ActiveCfg = Debug|Any CPU
		{8430EF99-0530-48B6-B1A8-157A0FAABF25}.Debug|Any CPU.Build.0 = Debug|Any CPU
		{8430EF99-0530-48B6-B1A8-157A0FAABF25}.Release|Any CPU.ActiveCfg = Release|Any CPU
		{8430EF99-0530-48B6-B1A8-157A0FAABF25}.Release|Any CPU.Build.0 = Release|Any CPU
	EndGlobalSection
	GlobalSection(SolutionProperties) = preSolution
		HideSolutionNode = FALSE
	EndGlobalSection
EndGlobal
