
Microsoft Visual Studio Solution File, Format Version 12.00
# Visual Studio 14
VisualStudioVersion = 14.0.25123.0
MinimumVisualStudioVersion = 10.0.40219.1
Project("{FAE04EC0-301F-11D3-BF4B-00C04F79EFBC}") = "01.MatchFullName", "01.MatchFullName\01.MatchFullName.csproj", "{16A870A2-E4F2-4C6D-8C21-B6A33FDAEBE7}"
EndProject
Project("{FAE04EC0-301F-11D3-BF4B-00C04F79EFBC}") = "02.MatchPhoneNumber", "02.MatchPhoneNumber\02.MatchPhoneNumber.csproj", "{48A66E1F-F419-4A62-B64E-606D617F50FE}"
EndProject
Project("{2150E333-8FDC-42A3-9474-1A3956D46DE8}") = "Lab", "Lab", "{8F720C16-EAB7-4E72-B5E3-01AB6958BD0B}"
EndProject
Project("{FAE04EC0-301F-11D3-BF4B-00C04F79EFBC}") = "03.ReplaceTag", "03.ReplaceTag\03.ReplaceTag.csproj", "{5FAAFD44-1AA7-4A46-9116-30CA9E922945}"
EndProject
Project("{FAE04EC0-301F-11D3-BF4B-00C04F79EFBC}") = "Exercise", "Exercise\Exercise.csproj", "{FF78FDF3-C520-4113-9E8E-5EF42BDD8F6F}"
EndProject
Project("{2150E333-8FDC-42A3-9474-1A3956D46DE8}") = "Exercises", "Exercises", "{D6B8A60E-A203-4682-87DF-05B4F337ED09}"
EndProject
Project("{FAE04EC0-301F-11D3-BF4B-00C04F79EFBC}") = "01.ExtractEmails", "01.ExtractEmails\01.ExtractEmails.csproj", "{275EF9FE-51B0-4782-9F18-03CD7FB18476}"
EndProject
Project("{FAE04EC0-301F-11D3-BF4B-00C04F79EFBC}") = "02.ExtractSentencesByKeyword", "02.ExtractSentencesByKeyword\02.ExtractSentencesByKeyword.csproj", "{64EDB365-524E-4A71-88FA-212B05CCD70C}"
EndProject
Project("{FAE04EC0-301F-11D3-BF4B-00C04F79EFBC}") = "03.ValidUsernames", "03.ValidUsernames\03.ValidUsernames.csproj", "{A9EA0FB4-543E-4CF7-A9E5-4DF42087E002}"
EndProject
Project("{FAE04EC0-301F-11D3-BF4B-00C04F79EFBC}") = "04.QueryMess", "04.QueryMess\04.QueryMess.csproj", "{B4352E74-0FEF-4577-B60D-CA0BE8E6EA98}"
EndProject
Project("{FAE04EC0-301F-11D3-BF4B-00C04F79EFBC}") = "05.UseYourChainsBuddy", "05.UseYourChainsBuddy\05.UseYourChainsBuddy.csproj", "{8D5D5971-8166-4526-B51F-E046D5C05C49}"
EndProject
Global
	GlobalSection(SolutionConfigurationPlatforms) = preSolution
		Debug|Any CPU = Debug|Any CPU
		Release|Any CPU = Release|Any CPU
	EndGlobalSection
	GlobalSection(ProjectConfigurationPlatforms) = postSolution
		{16A870A2-E4F2-4C6D-8C21-B6A33FDAEBE7}.Debug|Any CPU.ActiveCfg = Debug|Any CPU
		{16A870A2-E4F2-4C6D-8C21-B6A33FDAEBE7}.Debug|Any CPU.Build.0 = Debug|Any CPU
		{16A870A2-E4F2-4C6D-8C21-B6A33FDAEBE7}.Release|Any CPU.ActiveCfg = Release|Any CPU
		{16A870A2-E4F2-4C6D-8C21-B6A33FDAEBE7}.Release|Any CPU.Build.0 = Release|Any CPU
		{48A66E1F-F419-4A62-B64E-606D617F50FE}.Debug|Any CPU.ActiveCfg = Debug|Any CPU
		{48A66E1F-F419-4A62-B64E-606D617F50FE}.Debug|Any CPU.Build.0 = Debug|Any CPU
		{48A66E1F-F419-4A62-B64E-606D617F50FE}.Release|Any CPU.ActiveCfg = Release|Any CPU
		{48A66E1F-F419-4A62-B64E-606D617F50FE}.Release|Any CPU.Build.0 = Release|Any CPU
		{5FAAFD44-1AA7-4A46-9116-30CA9E922945}.Debug|Any CPU.ActiveCfg = Debug|Any CPU
		{5FAAFD44-1AA7-4A46-9116-30CA9E922945}.Debug|Any CPU.Build.0 = Debug|Any CPU
		{5FAAFD44-1AA7-4A46-9116-30CA9E922945}.Release|Any CPU.ActiveCfg = Release|Any CPU
		{5FAAFD44-1AA7-4A46-9116-30CA9E922945}.Release|Any CPU.Build.0 = Release|Any CPU
		{FF78FDF3-C520-4113-9E8E-5EF42BDD8F6F}.Debug|Any CPU.ActiveCfg = Debug|Any CPU
		{FF78FDF3-C520-4113-9E8E-5EF42BDD8F6F}.Debug|Any CPU.Build.0 = Debug|Any CPU
		{FF78FDF3-C520-4113-9E8E-5EF42BDD8F6F}.Release|Any CPU.ActiveCfg = Release|Any CPU
		{FF78FDF3-C520-4113-9E8E-5EF42BDD8F6F}.Release|Any CPU.Build.0 = Release|Any CPU
		{275EF9FE-51B0-4782-9F18-03CD7FB18476}.Debug|Any CPU.ActiveCfg = Debug|Any CPU
		{275EF9FE-51B0-4782-9F18-03CD7FB18476}.Debug|Any CPU.Build.0 = Debug|Any CPU
		{275EF9FE-51B0-4782-9F18-03CD7FB18476}.Release|Any CPU.ActiveCfg = Release|Any CPU
		{275EF9FE-51B0-4782-9F18-03CD7FB18476}.Release|Any CPU.Build.0 = Release|Any CPU
		{64EDB365-524E-4A71-88FA-212B05CCD70C}.Debug|Any CPU.ActiveCfg = Debug|Any CPU
		{64EDB365-524E-4A71-88FA-212B05CCD70C}.Debug|Any CPU.Build.0 = Debug|Any CPU
		{64EDB365-524E-4A71-88FA-212B05CCD70C}.Release|Any CPU.ActiveCfg = Release|Any CPU
		{64EDB365-524E-4A71-88FA-212B05CCD70C}.Release|Any CPU.Build.0 = Release|Any CPU
		{A9EA0FB4-543E-4CF7-A9E5-4DF42087E002}.Debug|Any CPU.ActiveCfg = Debug|Any CPU
		{A9EA0FB4-543E-4CF7-A9E5-4DF42087E002}.Debug|Any CPU.Build.0 = Debug|Any CPU
		{A9EA0FB4-543E-4CF7-A9E5-4DF42087E002}.Release|Any CPU.ActiveCfg = Release|Any CPU
		{A9EA0FB4-543E-4CF7-A9E5-4DF42087E002}.Release|Any CPU.Build.0 = Release|Any CPU
		{B4352E74-0FEF-4577-B60D-CA0BE8E6EA98}.Debug|Any CPU.ActiveCfg = Debug|Any CPU
		{B4352E74-0FEF-4577-B60D-CA0BE8E6EA98}.Debug|Any CPU.Build.0 = Debug|Any CPU
		{B4352E74-0FEF-4577-B60D-CA0BE8E6EA98}.Release|Any CPU.ActiveCfg = Release|Any CPU
		{B4352E74-0FEF-4577-B60D-CA0BE8E6EA98}.Release|Any CPU.Build.0 = Release|Any CPU
		{8D5D5971-8166-4526-B51F-E046D5C05C49}.Debug|Any CPU.ActiveCfg = Debug|Any CPU
		{8D5D5971-8166-4526-B51F-E046D5C05C49}.Debug|Any CPU.Build.0 = Debug|Any CPU
		{8D5D5971-8166-4526-B51F-E046D5C05C49}.Release|Any CPU.ActiveCfg = Release|Any CPU
		{8D5D5971-8166-4526-B51F-E046D5C05C49}.Release|Any CPU.Build.0 = Release|Any CPU
	EndGlobalSection
	GlobalSection(SolutionProperties) = preSolution
		HideSolutionNode = FALSE
	EndGlobalSection
	GlobalSection(NestedProjects) = preSolution
		{16A870A2-E4F2-4C6D-8C21-B6A33FDAEBE7} = {8F720C16-EAB7-4E72-B5E3-01AB6958BD0B}
		{48A66E1F-F419-4A62-B64E-606D617F50FE} = {8F720C16-EAB7-4E72-B5E3-01AB6958BD0B}
		{5FAAFD44-1AA7-4A46-9116-30CA9E922945} = {8F720C16-EAB7-4E72-B5E3-01AB6958BD0B}
		{FF78FDF3-C520-4113-9E8E-5EF42BDD8F6F} = {8F720C16-EAB7-4E72-B5E3-01AB6958BD0B}
		{275EF9FE-51B0-4782-9F18-03CD7FB18476} = {D6B8A60E-A203-4682-87DF-05B4F337ED09}
		{64EDB365-524E-4A71-88FA-212B05CCD70C} = {D6B8A60E-A203-4682-87DF-05B4F337ED09}
		{A9EA0FB4-543E-4CF7-A9E5-4DF42087E002} = {D6B8A60E-A203-4682-87DF-05B4F337ED09}
		{B4352E74-0FEF-4577-B60D-CA0BE8E6EA98} = {D6B8A60E-A203-4682-87DF-05B4F337ED09}
		{8D5D5971-8166-4526-B51F-E046D5C05C49} = {D6B8A60E-A203-4682-87DF-05B4F337ED09}
	EndGlobalSection
EndGlobal
