
Microsoft Visual Studio Solution File, Format Version 12.00
# Visual Studio 14
VisualStudioVersion = 14.0.25420.1
MinimumVisualStudioVersion = 10.0.40219.1
Project("{FAE04EC0-301F-11D3-BF4B-00C04F79EFBC}") = "01. Exercises", "01. Exercises\01. Exercises.csproj", "{1A349A28-65DC-451B-9F2C-FCC722381E3A}"
EndProject
Project("{FAE04EC0-301F-11D3-BF4B-00C04F79EFBC}") = "02. Optimized Banking System", "02. Optimized Banking System\02. Optimized Banking System.csproj", "{8EE06909-39FF-4844-AD26-025470C3C158}"
EndProject
Project("{FAE04EC0-301F-11D3-BF4B-00C04F79EFBC}") = "03. Animals", "03. Animals\03. Animals.csproj", "{03233664-09E4-4C5F-ADFF-0C6DDFE199B5}"
EndProject
Project("{FAE04EC0-301F-11D3-BF4B-00C04F79EFBC}") = "04. Websites", "04. Websites\04. Websites.csproj", "{EEA27C0E-D696-4998-8521-D57262A47EAC}"
EndProject
Project("{FAE04EC0-301F-11D3-BF4B-00C04F79EFBC}") = "05. Boxes", "05. Boxes\05. Boxes.csproj", "{726A9D34-6FFF-4378-8126-ED58578DEFCB}"
EndProject
Project("{FAE04EC0-301F-11D3-BF4B-00C04F79EFBC}") = "06. Messages", "06. Messages\06. Messages.csproj", "{1405D5A9-63C1-47BB-93DD-DCDBFE63A1B4}"
EndProject
Global
	GlobalSection(SolutionConfigurationPlatforms) = preSolution
		Debug|Any CPU = Debug|Any CPU
		Release|Any CPU = Release|Any CPU
	EndGlobalSection
	GlobalSection(ProjectConfigurationPlatforms) = postSolution
		{1A349A28-65DC-451B-9F2C-FCC722381E3A}.Debug|Any CPU.ActiveCfg = Debug|Any CPU
		{1A349A28-65DC-451B-9F2C-FCC722381E3A}.Debug|Any CPU.Build.0 = Debug|Any CPU
		{1A349A28-65DC-451B-9F2C-FCC722381E3A}.Release|Any CPU.ActiveCfg = Release|Any CPU
		{1A349A28-65DC-451B-9F2C-FCC722381E3A}.Release|Any CPU.Build.0 = Release|Any CPU
		{8EE06909-39FF-4844-AD26-025470C3C158}.Debug|Any CPU.ActiveCfg = Debug|Any CPU
		{8EE06909-39FF-4844-AD26-025470C3C158}.Debug|Any CPU.Build.0 = Debug|Any CPU
		{8EE06909-39FF-4844-AD26-025470C3C158}.Release|Any CPU.ActiveCfg = Release|Any CPU
		{8EE06909-39FF-4844-AD26-025470C3C158}.Release|Any CPU.Build.0 = Release|Any CPU
		{03233664-09E4-4C5F-ADFF-0C6DDFE199B5}.Debug|Any CPU.ActiveCfg = Debug|Any CPU
		{03233664-09E4-4C5F-ADFF-0C6DDFE199B5}.Debug|Any CPU.Build.0 = Debug|Any CPU
		{03233664-09E4-4C5F-ADFF-0C6DDFE199B5}.Release|Any CPU.ActiveCfg = Release|Any CPU
		{03233664-09E4-4C5F-ADFF-0C6DDFE199B5}.Release|Any CPU.Build.0 = Release|Any CPU
		{EEA27C0E-D696-4998-8521-D57262A47EAC}.Debug|Any CPU.ActiveCfg = Debug|Any CPU
		{EEA27C0E-D696-4998-8521-D57262A47EAC}.Debug|Any CPU.Build.0 = Debug|Any CPU
		{EEA27C0E-D696-4998-8521-D57262A47EAC}.Release|Any CPU.ActiveCfg = Release|Any CPU
		{EEA27C0E-D696-4998-8521-D57262A47EAC}.Release|Any CPU.Build.0 = Release|Any CPU
		{726A9D34-6FFF-4378-8126-ED58578DEFCB}.Debug|Any CPU.ActiveCfg = Debug|Any CPU
		{726A9D34-6FFF-4378-8126-ED58578DEFCB}.Debug|Any CPU.Build.0 = Debug|Any CPU
		{726A9D34-6FFF-4378-8126-ED58578DEFCB}.Release|Any CPU.ActiveCfg = Release|Any CPU
		{726A9D34-6FFF-4378-8126-ED58578DEFCB}.Release|Any CPU.Build.0 = Release|Any CPU
		{1405D5A9-63C1-47BB-93DD-DCDBFE63A1B4}.Debug|Any CPU.ActiveCfg = Debug|Any CPU
		{1405D5A9-63C1-47BB-93DD-DCDBFE63A1B4}.Debug|Any CPU.Build.0 = Debug|Any CPU
		{1405D5A9-63C1-47BB-93DD-DCDBFE63A1B4}.Release|Any CPU.ActiveCfg = Release|Any CPU
		{1405D5A9-63C1-47BB-93DD-DCDBFE63A1B4}.Release|Any CPU.Build.0 = Release|Any CPU
	EndGlobalSection
	GlobalSection(SolutionProperties) = preSolution
		HideSolutionNode = FALSE
	EndGlobalSection
EndGlobal
