
Microsoft Visual Studio Solution File, Format Version 12.00
# Visual Studio 14
VisualStudioVersion = 14.0.25420.1
MinimumVisualStudioVersion = 10.0.40219.1
Project("{FAE04EC0-301F-11D3-BF4B-00C04F79EFBC}") = "01. Sino The Walker", "01. Sino The Walker\01. Sino The Walker.csproj", "{C455D729-3C42-43B8-914D-4670E8909BA3}"
EndProject
Project("{FAE04EC0-301F-11D3-BF4B-00C04F79EFBC}") = "02. SoftUni Karaoke", "02. SoftUni Karaoke\02. SoftUni Karaoke.csproj", "{BF884E8D-D63A-43F3-8455-67BE8FFAE8CF}"
EndProject
Project("{FAE04EC0-301F-11D3-BF4B-00C04F79EFBC}") = "03. Endurance Rally", "03. Endurance Rally\03. Endurance Rally.csproj", "{40E803EC-719A-4F81-85E4-0F75F2DCE5AF}"
EndProject
Project("{FAE04EC0-301F-11D3-BF4B-00C04F79EFBC}") = "04. Winning Ticket", "04. Winning Ticket\04. Winning Ticket.csproj", "{12DF3B7C-08BB-4B95-8F17-D3D15A871A0F}"
EndProject
Project("{FAE04EC0-301F-11D3-BF4B-00C04F79EFBC}") = "05. Charity Marathon", "05. Charity Marathon\05. Charity Marathon.csproj", "{7A61BC2B-07FD-45DC-B144-F658042ADF10}"
EndProject
Project("{FAE04EC0-301F-11D3-BF4B-00C04F79EFBC}") = "06. Ladybugs", "06. Ladybugs\06. Ladybugs.csproj", "{4E70BF6E-7F3D-4505-A1F8-08D8B7C191E0}"
EndProject
Project("{FAE04EC0-301F-11D3-BF4B-00C04F79EFBC}") = "07. Nether Realms", "07. Nether Realms\07. Nether Realms.csproj", "{A29341D9-D3BC-4FAE-9414-AAE4131DC07D}"
EndProject
Project("{FAE04EC0-301F-11D3-BF4B-00C04F79EFBC}") = "08. Roli The Coder", "08. Roli The Coder\08. Roli The Coder.csproj", "{542C9A0A-86BD-45B9-A1E8-770D4AFDBAD0}"
EndProject
Project("{FAE04EC0-301F-11D3-BF4B-00C04F79EFBC}") = "09. Softuni Coffee Orders", "09. Softuni Coffee Orders\09. Softuni Coffee Orders.csproj", "{9471C618-C4E6-4401-8384-A73F58C79BF9}"
EndProject
Project("{FAE04EC0-301F-11D3-BF4B-00C04F79EFBC}") = "10. Command Interpreter", "10. Command Interpreter\10. Command Interpreter.csproj", "{155979AA-AAAF-4CBE-B6FE-CC803C3A5C2E}"
EndProject
Project("{FAE04EC0-301F-11D3-BF4B-00C04F79EFBC}") = "11. Rage Quit", "11. Rage Quit\11. Rage Quit.csproj", "{77A82592-7358-42B2-9C74-DA75AC1AAECF}"
EndProject
Project("{FAE04EC0-301F-11D3-BF4B-00C04F79EFBC}") = "12. Files", "12. Files\12. Files.csproj", "{9888EC1B-5DE3-4A05-8946-88A750663ACB}"
EndProject
Project("{FAE04EC0-301F-11D3-BF4B-00C04F79EFBC}") = "13. Football League", "13. Football League\13. Football League.csproj", "{3BE59580-AB8C-4EB7-8D77-CC9FA8ADC904}"
EndProject
Project("{FAE04EC0-301F-11D3-BF4B-00C04F79EFBC}") = "14. Cubic Messages", "14. Cubic Messages\14. Cubic Messages.csproj", "{D7D59B74-3331-425F-8ACF-7367219C6AEE}"
EndProject
Project("{FAE04EC0-301F-11D3-BF4B-00C04F79EFBC}") = "15. Hornet Wings", "15. Hornet Wings\15. Hornet Wings.csproj", "{DDDFB084-0E7D-4EFD-82A6-2D827398B27D}"
EndProject
Project("{FAE04EC0-301F-11D3-BF4B-00C04F79EFBC}") = "16. Hornet Comm", "16. Hornet Comm\16. Hornet Comm.csproj", "{0548D1A1-C6EE-4D0C-943C-3F4C8D3BF8AA}"
EndProject
Project("{FAE04EC0-301F-11D3-BF4B-00C04F79EFBC}") = "17. Hornet Assault", "17. Hornet Assault\17. Hornet Assault.csproj", "{52E3A18C-B136-4C4A-82CD-C6955A2DCBAE}"
EndProject
Project("{FAE04EC0-301F-11D3-BF4B-00C04F79EFBC}") = "18. Hornet Armada", "18. Hornet Armada\18. Hornet Armada.csproj", "{6912B3F8-52AB-49C2-AA38-1CD08172CB89}"
EndProject
Project("{FAE04EC0-301F-11D3-BF4B-00C04F79EFBC}") = "19. Hornet Armada V2", "19. Hornet Armada V2\19. Hornet Armada V2.csproj", "{5519EABD-D718-4254-A103-05B376C6E7AA}"
EndProject
Project("{FAE04EC0-301F-11D3-BF4B-00C04F79EFBC}") = "20. Wormtest", "20. Wormtest\20. Wormtest.csproj", "{A3EB06D9-C17F-42F8-AAB7-B58DB68154A9}"
EndProject
Project("{FAE04EC0-301F-11D3-BF4B-00C04F79EFBC}") = "21. Worm Ipsum", "21. Worm Ipsum\21. Worm Ipsum.csproj", "{EEFC7614-4F66-4D60-BD75-D000F5A2C035}"
EndProject
Project("{FAE04EC0-301F-11D3-BF4B-00C04F79EFBC}") = "22. Wormhole", "22. Wormhole\22. Wormhole.csproj", "{D6376223-ECA9-497D-8D69-7A03036A5993}"
EndProject
Project("{FAE04EC0-301F-11D3-BF4B-00C04F79EFBC}") = "23. Worms World Party", "23. Worms World Party\23. Worms World Party.csproj", "{4D494B5B-E389-46DD-A3B5-ACE88208FA34}"
EndProject
Global
	GlobalSection(SolutionConfigurationPlatforms) = preSolution
		Debug|Any CPU = Debug|Any CPU
		Release|Any CPU = Release|Any CPU
	EndGlobalSection
	GlobalSection(ProjectConfigurationPlatforms) = postSolution
		{C455D729-3C42-43B8-914D-4670E8909BA3}.Debug|Any CPU.ActiveCfg = Debug|Any CPU
		{C455D729-3C42-43B8-914D-4670E8909BA3}.Debug|Any CPU.Build.0 = Debug|Any CPU
		{C455D729-3C42-43B8-914D-4670E8909BA3}.Release|Any CPU.ActiveCfg = Release|Any CPU
		{C455D729-3C42-43B8-914D-4670E8909BA3}.Release|Any CPU.Build.0 = Release|Any CPU
		{BF884E8D-D63A-43F3-8455-67BE8FFAE8CF}.Debug|Any CPU.ActiveCfg = Debug|Any CPU
		{BF884E8D-D63A-43F3-8455-67BE8FFAE8CF}.Debug|Any CPU.Build.0 = Debug|Any CPU
		{BF884E8D-D63A-43F3-8455-67BE8FFAE8CF}.Release|Any CPU.ActiveCfg = Release|Any CPU
		{BF884E8D-D63A-43F3-8455-67BE8FFAE8CF}.Release|Any CPU.Build.0 = Release|Any CPU
		{40E803EC-719A-4F81-85E4-0F75F2DCE5AF}.Debug|Any CPU.ActiveCfg = Debug|Any CPU
		{40E803EC-719A-4F81-85E4-0F75F2DCE5AF}.Debug|Any CPU.Build.0 = Debug|Any CPU
		{40E803EC-719A-4F81-85E4-0F75F2DCE5AF}.Release|Any CPU.ActiveCfg = Release|Any CPU
		{40E803EC-719A-4F81-85E4-0F75F2DCE5AF}.Release|Any CPU.Build.0 = Release|Any CPU
		{12DF3B7C-08BB-4B95-8F17-D3D15A871A0F}.Debug|Any CPU.ActiveCfg = Debug|Any CPU
		{12DF3B7C-08BB-4B95-8F17-D3D15A871A0F}.Debug|Any CPU.Build.0 = Debug|Any CPU
		{12DF3B7C-08BB-4B95-8F17-D3D15A871A0F}.Release|Any CPU.ActiveCfg = Release|Any CPU
		{12DF3B7C-08BB-4B95-8F17-D3D15A871A0F}.Release|Any CPU.Build.0 = Release|Any CPU
		{7A61BC2B-07FD-45DC-B144-F658042ADF10}.Debug|Any CPU.ActiveCfg = Debug|Any CPU
		{7A61BC2B-07FD-45DC-B144-F658042ADF10}.Debug|Any CPU.Build.0 = Debug|Any CPU
		{7A61BC2B-07FD-45DC-B144-F658042ADF10}.Release|Any CPU.ActiveCfg = Release|Any CPU
		{7A61BC2B-07FD-45DC-B144-F658042ADF10}.Release|Any CPU.Build.0 = Release|Any CPU
		{4E70BF6E-7F3D-4505-A1F8-08D8B7C191E0}.Debug|Any CPU.ActiveCfg = Debug|Any CPU
		{4E70BF6E-7F3D-4505-A1F8-08D8B7C191E0}.Debug|Any CPU.Build.0 = Debug|Any CPU
		{4E70BF6E-7F3D-4505-A1F8-08D8B7C191E0}.Release|Any CPU.ActiveCfg = Release|Any CPU
		{4E70BF6E-7F3D-4505-A1F8-08D8B7C191E0}.Release|Any CPU.Build.0 = Release|Any CPU
		{A29341D9-D3BC-4FAE-9414-AAE4131DC07D}.Debug|Any CPU.ActiveCfg = Debug|Any CPU
		{A29341D9-D3BC-4FAE-9414-AAE4131DC07D}.Debug|Any CPU.Build.0 = Debug|Any CPU
		{A29341D9-D3BC-4FAE-9414-AAE4131DC07D}.Release|Any CPU.ActiveCfg = Release|Any CPU
		{A29341D9-D3BC-4FAE-9414-AAE4131DC07D}.Release|Any CPU.Build.0 = Release|Any CPU
		{542C9A0A-86BD-45B9-A1E8-770D4AFDBAD0}.Debug|Any CPU.ActiveCfg = Debug|Any CPU
		{542C9A0A-86BD-45B9-A1E8-770D4AFDBAD0}.Debug|Any CPU.Build.0 = Debug|Any CPU
		{542C9A0A-86BD-45B9-A1E8-770D4AFDBAD0}.Release|Any CPU.ActiveCfg = Release|Any CPU
		{542C9A0A-86BD-45B9-A1E8-770D4AFDBAD0}.Release|Any CPU.Build.0 = Release|Any CPU
		{9471C618-C4E6-4401-8384-A73F58C79BF9}.Debug|Any CPU.ActiveCfg = Debug|Any CPU
		{9471C618-C4E6-4401-8384-A73F58C79BF9}.Debug|Any CPU.Build.0 = Debug|Any CPU
		{9471C618-C4E6-4401-8384-A73F58C79BF9}.Release|Any CPU.ActiveCfg = Release|Any CPU
		{9471C618-C4E6-4401-8384-A73F58C79BF9}.Release|Any CPU.Build.0 = Release|Any CPU
		{155979AA-AAAF-4CBE-B6FE-CC803C3A5C2E}.Debug|Any CPU.ActiveCfg = Debug|Any CPU
		{155979AA-AAAF-4CBE-B6FE-CC803C3A5C2E}.Debug|Any CPU.Build.0 = Debug|Any CPU
		{155979AA-AAAF-4CBE-B6FE-CC803C3A5C2E}.Release|Any CPU.ActiveCfg = Release|Any CPU
		{155979AA-AAAF-4CBE-B6FE-CC803C3A5C2E}.Release|Any CPU.Build.0 = Release|Any CPU
		{77A82592-7358-42B2-9C74-DA75AC1AAECF}.Debug|Any CPU.ActiveCfg = Debug|Any CPU
		{77A82592-7358-42B2-9C74-DA75AC1AAECF}.Debug|Any CPU.Build.0 = Debug|Any CPU
		{77A82592-7358-42B2-9C74-DA75AC1AAECF}.Release|Any CPU.ActiveCfg = Release|Any CPU
		{77A82592-7358-42B2-9C74-DA75AC1AAECF}.Release|Any CPU.Build.0 = Release|Any CPU
		{9888EC1B-5DE3-4A05-8946-88A750663ACB}.Debug|Any CPU.ActiveCfg = Debug|Any CPU
		{9888EC1B-5DE3-4A05-8946-88A750663ACB}.Debug|Any CPU.Build.0 = Debug|Any CPU
		{9888EC1B-5DE3-4A05-8946-88A750663ACB}.Release|Any CPU.ActiveCfg = Release|Any CPU
		{9888EC1B-5DE3-4A05-8946-88A750663ACB}.Release|Any CPU.Build.0 = Release|Any CPU
		{3BE59580-AB8C-4EB7-8D77-CC9FA8ADC904}.Debug|Any CPU.ActiveCfg = Debug|Any CPU
		{3BE59580-AB8C-4EB7-8D77-CC9FA8ADC904}.Debug|Any CPU.Build.0 = Debug|Any CPU
		{3BE59580-AB8C-4EB7-8D77-CC9FA8ADC904}.Release|Any CPU.ActiveCfg = Release|Any CPU
		{3BE59580-AB8C-4EB7-8D77-CC9FA8ADC904}.Release|Any CPU.Build.0 = Release|Any CPU
		{D7D59B74-3331-425F-8ACF-7367219C6AEE}.Debug|Any CPU.ActiveCfg = Debug|Any CPU
		{D7D59B74-3331-425F-8ACF-7367219C6AEE}.Debug|Any CPU.Build.0 = Debug|Any CPU
		{D7D59B74-3331-425F-8ACF-7367219C6AEE}.Release|Any CPU.ActiveCfg = Release|Any CPU
		{D7D59B74-3331-425F-8ACF-7367219C6AEE}.Release|Any CPU.Build.0 = Release|Any CPU
		{DDDFB084-0E7D-4EFD-82A6-2D827398B27D}.Debug|Any CPU.ActiveCfg = Debug|Any CPU
		{DDDFB084-0E7D-4EFD-82A6-2D827398B27D}.Debug|Any CPU.Build.0 = Debug|Any CPU
		{DDDFB084-0E7D-4EFD-82A6-2D827398B27D}.Release|Any CPU.ActiveCfg = Release|Any CPU
		{DDDFB084-0E7D-4EFD-82A6-2D827398B27D}.Release|Any CPU.Build.0 = Release|Any CPU
		{0548D1A1-C6EE-4D0C-943C-3F4C8D3BF8AA}.Debug|Any CPU.ActiveCfg = Debug|Any CPU
		{0548D1A1-C6EE-4D0C-943C-3F4C8D3BF8AA}.Debug|Any CPU.Build.0 = Debug|Any CPU
		{0548D1A1-C6EE-4D0C-943C-3F4C8D3BF8AA}.Release|Any CPU.ActiveCfg = Release|Any CPU
		{0548D1A1-C6EE-4D0C-943C-3F4C8D3BF8AA}.Release|Any CPU.Build.0 = Release|Any CPU
		{52E3A18C-B136-4C4A-82CD-C6955A2DCBAE}.Debug|Any CPU.ActiveCfg = Debug|Any CPU
		{52E3A18C-B136-4C4A-82CD-C6955A2DCBAE}.Debug|Any CPU.Build.0 = Debug|Any CPU
		{52E3A18C-B136-4C4A-82CD-C6955A2DCBAE}.Release|Any CPU.ActiveCfg = Release|Any CPU
		{52E3A18C-B136-4C4A-82CD-C6955A2DCBAE}.Release|Any CPU.Build.0 = Release|Any CPU
		{6912B3F8-52AB-49C2-AA38-1CD08172CB89}.Debug|Any CPU.ActiveCfg = Debug|Any CPU
		{6912B3F8-52AB-49C2-AA38-1CD08172CB89}.Debug|Any CPU.Build.0 = Debug|Any CPU
		{6912B3F8-52AB-49C2-AA38-1CD08172CB89}.Release|Any CPU.ActiveCfg = Release|Any CPU
		{6912B3F8-52AB-49C2-AA38-1CD08172CB89}.Release|Any CPU.Build.0 = Release|Any CPU
		{5519EABD-D718-4254-A103-05B376C6E7AA}.Debug|Any CPU.ActiveCfg = Debug|Any CPU
		{5519EABD-D718-4254-A103-05B376C6E7AA}.Debug|Any CPU.Build.0 = Debug|Any CPU
		{5519EABD-D718-4254-A103-05B376C6E7AA}.Release|Any CPU.ActiveCfg = Release|Any CPU
		{5519EABD-D718-4254-A103-05B376C6E7AA}.Release|Any CPU.Build.0 = Release|Any CPU
		{A3EB06D9-C17F-42F8-AAB7-B58DB68154A9}.Debug|Any CPU.ActiveCfg = Debug|Any CPU
		{A3EB06D9-C17F-42F8-AAB7-B58DB68154A9}.Debug|Any CPU.Build.0 = Debug|Any CPU
		{A3EB06D9-C17F-42F8-AAB7-B58DB68154A9}.Release|Any CPU.ActiveCfg = Release|Any CPU
		{A3EB06D9-C17F-42F8-AAB7-B58DB68154A9}.Release|Any CPU.Build.0 = Release|Any CPU
		{EEFC7614-4F66-4D60-BD75-D000F5A2C035}.Debug|Any CPU.ActiveCfg = Debug|Any CPU
		{EEFC7614-4F66-4D60-BD75-D000F5A2C035}.Debug|Any CPU.Build.0 = Debug|Any CPU
		{EEFC7614-4F66-4D60-BD75-D000F5A2C035}.Release|Any CPU.ActiveCfg = Release|Any CPU
		{EEFC7614-4F66-4D60-BD75-D000F5A2C035}.Release|Any CPU.Build.0 = Release|Any CPU
		{D6376223-ECA9-497D-8D69-7A03036A5993}.Debug|Any CPU.ActiveCfg = Debug|Any CPU
		{D6376223-ECA9-497D-8D69-7A03036A5993}.Debug|Any CPU.Build.0 = Debug|Any CPU
		{D6376223-ECA9-497D-8D69-7A03036A5993}.Release|Any CPU.ActiveCfg = Release|Any CPU
		{D6376223-ECA9-497D-8D69-7A03036A5993}.Release|Any CPU.Build.0 = Release|Any CPU
		{4D494B5B-E389-46DD-A3B5-ACE88208FA34}.Debug|Any CPU.ActiveCfg = Debug|Any CPU
		{4D494B5B-E389-46DD-A3B5-ACE88208FA34}.Debug|Any CPU.Build.0 = Debug|Any CPU
		{4D494B5B-E389-46DD-A3B5-ACE88208FA34}.Release|Any CPU.ActiveCfg = Release|Any CPU
		{4D494B5B-E389-46DD-A3B5-ACE88208FA34}.Release|Any CPU.Build.0 = Release|Any CPU
	EndGlobalSection
	GlobalSection(SolutionProperties) = preSolution
		HideSolutionNode = FALSE
	EndGlobalSection
EndGlobal
