
Microsoft Visual Studio Solution File, Format Version 12.00
# Visual Studio 14
VisualStudioVersion = 14.0.25123.0
MinimumVisualStudioVersion = 10.0.40219.1
Project("{FAE04EC0-301F-11D3-BF4B-00C04F79EFBC}") = "01.InstructionSet", "01.InstructionSet\01.InstructionSet.csproj", "{7370FE2A-33F8-4DA2-B970-41A04370CAE7}"
EndProject
Project("{FAE04EC0-301F-11D3-BF4B-00C04F79EFBC}") = "02.BePositive", "02.BePositive\02.BePositive.csproj", "{0CFE4A59-17BF-4A48-A675-257AA187147F}"
EndProject
Project("{FAE04EC0-301F-11D3-BF4B-00C04F79EFBC}") = "03.SequenceOfCommands", "03.SequenceOfCommands\03.SequenceOfCommands.csproj", "{2906AE72-47F5-4EE9-8A01-6412AC93029C}"
EndProject
Project("{FAE04EC0-301F-11D3-BF4B-00C04F79EFBC}") = "04.Substring", "04.Substring\04.Substring.csproj", "{3B99BE6F-A973-4598-9EEC-885F9B698AD4}"
EndProject
Global
	GlobalSection(SolutionConfigurationPlatforms) = preSolution
		Debug|Any CPU = Debug|Any CPU
		Release|Any CPU = Release|Any CPU
	EndGlobalSection
	GlobalSection(ProjectConfigurationPlatforms) = postSolution
		{7370FE2A-33F8-4DA2-B970-41A04370CAE7}.Debug|Any CPU.ActiveCfg = Debug|Any CPU
		{7370FE2A-33F8-4DA2-B970-41A04370CAE7}.Debug|Any CPU.Build.0 = Debug|Any CPU
		{7370FE2A-33F8-4DA2-B970-41A04370CAE7}.Release|Any CPU.ActiveCfg = Release|Any CPU
		{7370FE2A-33F8-4DA2-B970-41A04370CAE7}.Release|Any CPU.Build.0 = Release|Any CPU
		{0CFE4A59-17BF-4A48-A675-257AA187147F}.Debug|Any CPU.ActiveCfg = Debug|Any CPU
		{0CFE4A59-17BF-4A48-A675-257AA187147F}.Debug|Any CPU.Build.0 = Debug|Any CPU
		{0CFE4A59-17BF-4A48-A675-257AA187147F}.Release|Any CPU.ActiveCfg = Release|Any CPU
		{0CFE4A59-17BF-4A48-A675-257AA187147F}.Release|Any CPU.Build.0 = Release|Any CPU
		{2906AE72-47F5-4EE9-8A01-6412AC93029C}.Debug|Any CPU.ActiveCfg = Debug|Any CPU
		{2906AE72-47F5-4EE9-8A01-6412AC93029C}.Debug|Any CPU.Build.0 = Debug|Any CPU
		{2906AE72-47F5-4EE9-8A01-6412AC93029C}.Release|Any CPU.ActiveCfg = Release|Any CPU
		{2906AE72-47F5-4EE9-8A01-6412AC93029C}.Release|Any CPU.Build.0 = Release|Any CPU
		{3B99BE6F-A973-4598-9EEC-885F9B698AD4}.Debug|Any CPU.ActiveCfg = Debug|Any CPU
		{3B99BE6F-A973-4598-9EEC-885F9B698AD4}.Debug|Any CPU.Build.0 = Debug|Any CPU
		{3B99BE6F-A973-4598-9EEC-885F9B698AD4}.Release|Any CPU.ActiveCfg = Release|Any CPU
		{3B99BE6F-A973-4598-9EEC-885F9B698AD4}.Release|Any CPU.Build.0 = Release|Any CPU
	EndGlobalSection
	GlobalSection(SolutionProperties) = preSolution
		HideSolutionNode = FALSE
	EndGlobalSection
EndGlobal
